{
  "object": {
    "pins": [
      {
        "package": "About",
        "repositoryURL": "https://github.com/IzumiShaka-desu/About-gemmu.git",
        "state": {
          "branch": "main",
          "revision": "d438407993b7538fecb1b8f158bb73bfeef8a0e1",
          "version": null
        }
      },
      {
        "package": "Alamofire",
        "repositoryURL": "https://github.com/Alamofire/Alamofire.git",
        "state": {
          "branch": null,
          "revision": "f82c23a8a7ef8dc1a49a8bfc6a96883e79121864",
          "version": "5.5.0"
        }
      },
      {
        "package": "combine-schedulers",
        "repositoryURL": "https://github.com/pointfreeco/combine-schedulers",
        "state": {
          "branch": null,
          "revision": "4cf088c29a20f52be0f2ca54992b492c54e0076b",
          "version": "0.5.3"
        }
      },
      {
        "package": "Common",
        "repositoryURL": "https://github.com/IzumiShaka-desu/Common.git",
        "state": {
          "branch": "main",
          "revision": "446b4199c953f9d90dae46e7fe401dcdc28972bc",
          "version": null
        }
      },
      {
        "package": "Detail",
        "repositoryURL": "https://github.com/IzumiShaka-desu/Detail.git",
        "state": {
          "branch": "main",
          "revision": "57ca66aac4f3d72b4c7bd0b6f8fe0c05fee0fcaf",
          "version": null
        }
      },
      {
        "package": "DIContainer",
        "repositoryURL": "https://github.com/Tavernari/DIContainer.git",
        "state": {
          "branch": null,
          "revision": "5018ea682ce747104879c05a7f5cade7fe4d1535",
          "version": "0.2.1"
        }
      },
      {
        "package": "NetworkImage",
        "repositoryURL": "https://github.com/gonzalezreal/NetworkImage.git",
        "state": {
          "branch": null,
          "revision": "f8b8ed0be39d2f4aa00a6e8d3b18a62a94eff8d8",
          "version": "4.0.0"
        }
      },
      {
        "package": "PopupView",
        "repositoryURL": "https://github.com/exyte/PopupView.git",
        "state": {
          "branch": null,
          "revision": "77c04cef5651a07ab795f8b4edeb39cb231b2411",
          "version": "1.0.7"
        }
      },
      {
        "package": "RealmDatabase",
        "repositoryURL": "https://github.com/realm/realm-core",
        "state": {
          "branch": null,
          "revision": "6b81f1a7a2d421f9e0b9e7f04e76bcf736a54409",
          "version": "11.9.0"
        }
      },
      {
        "package": "Realm",
        "repositoryURL": "https://github.com/realm/realm-swift",
        "state": {
          "branch": null,
          "revision": "9dff9f2862240d521ad6ad599541269177ddb993",
          "version": "10.22.0"
        }
      },
      {
        "package": "xctest-dynamic-overlay",
        "repositoryURL": "https://github.com/pointfreeco/xctest-dynamic-overlay",
        "state": {
          "branch": null,
          "revision": "50a70a9d3583fe228ce672e8923010c8df2deddd",
          "version": "0.2.1"
        }
      }
    ]
  },
  "version": 1
}
