// !$*UTF8*$!
{
	archiveVersion = 1;
	classes = {
	};
	objectVersion = 55;
	objects = {

/* Begin PBXBuildFile section */
		131C1A15D05444215943A317 /* Pods_Gemmu.framework in Frameworks */ = {isa = PBXBuildFile; fileRef = 12AC6D6D0C1DEE2DC0C99215 /* Pods_Gemmu.framework */; };
		3BD272A6D59E9665244E7B52 /* Pods_GemmuTests.framework in Frameworks */ = {isa = PBXBuildFile; fileRef = 461F1965216FC91209AE86C7 /* Pods_GemmuTests.framework */; };
		BA530EEA27B4BEFC00E4DD64 /* SearchView.swift in Sources */ = {isa = PBXBuildFile; fileRef = BA530EE927B4BEFC00E4DD64 /* SearchView.swift */; };
		BA530EEC27B4BF2300E4DD64 /* HomeView.swift in Sources */ = {isa = PBXBuildFile; fileRef = BA530EEB27B4BF2300E4DD64 /* HomeView.swift */; };
		BA530EEF27B4F8FA00E4DD64 /* SearchViewController.swift in Sources */ = {isa = PBXBuildFile; fileRef = BA530EEE27B4F8FA00E4DD64 /* SearchViewController.swift */; };
		BA530EF127B5342200E4DD64 /* HomeViewController.swift in Sources */ = {isa = PBXBuildFile; fileRef = BA530EF027B5342200E4DD64 /* HomeViewController.swift */; };
		BA530EF427B537D700E4DD64 /* GamesDataProvider.swift in Sources */ = {isa = PBXBuildFile; fileRef = BA530EF327B537D700E4DD64 /* GamesDataProvider.swift */; };
		BA5DD96127B5FD1400DC96CD /* GameSearchResponse.swift in Sources */ = {isa = PBXBuildFile; fileRef = BA5DD96027B5FD1300DC96CD /* GameSearchResponse.swift */; };
		BA5DD96327B5FEC800DC96CD /* SearchItemResult.swift in Sources */ = {isa = PBXBuildFile; fileRef = BA5DD96227B5FEC800DC96CD /* SearchItemResult.swift */; };
		BA5DD96527B6117700DC96CD /* DetailGameView.swift in Sources */ = {isa = PBXBuildFile; fileRef = BA5DD96427B6117700DC96CD /* DetailGameView.swift */; };
		BA5DD96927B6135300DC96CD /* DetailGameViewController.swift in Sources */ = {isa = PBXBuildFile; fileRef = BA5DD96827B6135300DC96CD /* DetailGameViewController.swift */; };
		BA97AC8927B3DC9100139D3F /* TagsCard.swift in Sources */ = {isa = PBXBuildFile; fileRef = BA97AC8827B3DC9100139D3F /* TagsCard.swift */; };
		BA97AC8B27B3DD3800139D3F /* Extensionn.swift in Sources */ = {isa = PBXBuildFile; fileRef = BA97AC8A27B3DD3800139D3F /* Extensionn.swift */; };
		BA97AC8F27B3E6C200139D3F /* ItemList.swift in Sources */ = {isa = PBXBuildFile; fileRef = BA97AC8E27B3E6C200139D3F /* ItemList.swift */; };
		BAA3C19127B39C36001F7B5B /* gemmuApp.swift in Sources */ = {isa = PBXBuildFile; fileRef = BAA3C19027B39C36001F7B5B /* gemmuApp.swift */; };
		BAA3C19327B39C36001F7B5B /* ContentView.swift in Sources */ = {isa = PBXBuildFile; fileRef = BAA3C19227B39C36001F7B5B /* ContentView.swift */; };
		BAA3C19527B39C38001F7B5B /* Assets.xcassets in Resources */ = {isa = PBXBuildFile; fileRef = BAA3C19427B39C38001F7B5B /* Assets.xcassets */; };
		BAA3C19827B39C38001F7B5B /* Preview Assets.xcassets in Resources */ = {isa = PBXBuildFile; fileRef = BAA3C19727B39C38001F7B5B /* Preview Assets.xcassets */; };
		BAA3C1A227B39C38001F7B5B /* gemmuTests.swift in Sources */ = {isa = PBXBuildFile; fileRef = BAA3C1A127B39C38001F7B5B /* gemmuTests.swift */; };
		BAA3C1AC27B39C38001F7B5B /* gemmuUITests.swift in Sources */ = {isa = PBXBuildFile; fileRef = BAA3C1AB27B39C38001F7B5B /* gemmuUITests.swift */; };
		BAA3C1AE27B39C38001F7B5B /* gemmuUITestsLaunchTests.swift in Sources */ = {isa = PBXBuildFile; fileRef = BAA3C1AD27B39C38001F7B5B /* gemmuUITestsLaunchTests.swift */; };
		BAA3C1C127B3B2B8001F7B5B /* Constants.swift in Sources */ = {isa = PBXBuildFile; fileRef = BAA3C1C027B3B2B7001F7B5B /* Constants.swift */; };
		BAA3C1C527B3B9D4001F7B5B /* AboutPageView.swift in Sources */ = {isa = PBXBuildFile; fileRef = BAA3C1C427B3B9D4001F7B5B /* AboutPageView.swift */; };
		BAA3C1C827B3B9FC001F7B5B /* NetworkImage in Frameworks */ = {isa = PBXBuildFile; productRef = BAA3C1C727B3B9FC001F7B5B /* NetworkImage */; };
		BAA3C1CD27B3BC98001F7B5B /* Alamofire in Frameworks */ = {isa = PBXBuildFile; productRef = BAA3C1CC27B3BC98001F7B5B /* Alamofire */; };
		BAA3C1EB27B3C145001F7B5B /* GamesResponse.swift in Sources */ = {isa = PBXBuildFile; fileRef = BAA3C1EA27B3C145001F7B5B /* GamesResponse.swift */; };
		BAA3C1ED27B3C1B8001F7B5B /* Store.swift in Sources */ = {isa = PBXBuildFile; fileRef = BAA3C1EC27B3C1B8001F7B5B /* Store.swift */; };
		BAA3C1EF27B3CD5A001F7B5B /* GameItem.swift in Sources */ = {isa = PBXBuildFile; fileRef = BAA3C1EE27B3CD5A001F7B5B /* GameItem.swift */; };
		BAA3C1F127B3CDB0001F7B5B /* Rating.swift in Sources */ = {isa = PBXBuildFile; fileRef = BAA3C1F027B3CDB0001F7B5B /* Rating.swift */; };
		BAA3C1F327B3CDFB001F7B5B /* ShortScreenshot.swift in Sources */ = {isa = PBXBuildFile; fileRef = BAA3C1F227B3CDFB001F7B5B /* ShortScreenshot.swift */; };
		BAA3C1F527B3CE1F001F7B5B /* Title.swift in Sources */ = {isa = PBXBuildFile; fileRef = BAA3C1F427B3CE1F001F7B5B /* Title.swift */; };
		BAA3C1F727B3CE86001F7B5B /* Requirements.swift in Sources */ = {isa = PBXBuildFile; fileRef = BAA3C1F627B3CE86001F7B5B /* Requirements.swift */; };
		BAA3C1F927B3CEEE001F7B5B /* ParentPlatform.swift in Sources */ = {isa = PBXBuildFile; fileRef = BAA3C1F827B3CEEE001F7B5B /* ParentPlatform.swift */; };
		BAA3C1FB27B3CF8B001F7B5B /* EsrbRating.swift in Sources */ = {isa = PBXBuildFile; fileRef = BAA3C1FA27B3CF8B001F7B5B /* EsrbRating.swift */; };
		BAA3C1FD27B3CFE8001F7B5B /* PlatformSpesific.swift in Sources */ = {isa = PBXBuildFile; fileRef = BAA3C1FC27B3CFE8001F7B5B /* PlatformSpesific.swift */; };
		BAA3C1FF27B3D059001F7B5B /* Genre.swift in Sources */ = {isa = PBXBuildFile; fileRef = BAA3C1FE27B3D059001F7B5B /* Genre.swift */; };
		BAA3C20127B3D088001F7B5B /* AddedByStatus.swift in Sources */ = {isa = PBXBuildFile; fileRef = BAA3C20027B3D088001F7B5B /* AddedByStatus.swift */; };
		BAA3C20327B3D221001F7B5B /* GameDetailResponse.swift in Sources */ = {isa = PBXBuildFile; fileRef = BAA3C20227B3D221001F7B5B /* GameDetailResponse.swift */; };
		BAA3C20527B3D399001F7B5B /* Developer.swift in Sources */ = {isa = PBXBuildFile; fileRef = BAA3C20427B3D399001F7B5B /* Developer.swift */; };
		FBB741FC28F9B0A5A53B1038 /* Pods_Gemmu_GemmuUITests.framework in Frameworks */ = {isa = PBXBuildFile; fileRef = 44A26D68F75F951E1A89CBFE /* Pods_Gemmu_GemmuUITests.framework */; };
/* End PBXBuildFile section */

/* Begin PBXContainerItemProxy section */
		BAA3C19E27B39C38001F7B5B /* PBXContainerItemProxy */ = {
			isa = PBXContainerItemProxy;
			containerPortal = BAA3C18527B39C36001F7B5B /* Project object */;
			proxyType = 1;
			remoteGlobalIDString = BAA3C18C27B39C36001F7B5B;
			remoteInfo = gemmu;
		};
		BAA3C1A827B39C38001F7B5B /* PBXContainerItemProxy */ = {
			isa = PBXContainerItemProxy;
			containerPortal = BAA3C18527B39C36001F7B5B /* Project object */;
			proxyType = 1;
			remoteGlobalIDString = BAA3C18C27B39C36001F7B5B;
			remoteInfo = gemmu;
		};
/* End PBXContainerItemProxy section */

/* Begin PBXFileReference section */
		108BDC2A3C749EF33D53951E /* Pods-Gemmu.release.xcconfig */ = {isa = PBXFileReference; includeInIndex = 1; lastKnownFileType = text.xcconfig; name = "Pods-Gemmu.release.xcconfig"; path = "Target Support Files/Pods-Gemmu/Pods-Gemmu.release.xcconfig"; sourceTree = "<group>"; };
		12AC6D6D0C1DEE2DC0C99215 /* Pods_Gemmu.framework */ = {isa = PBXFileReference; explicitFileType = wrapper.framework; includeInIndex = 0; path = Pods_Gemmu.framework; sourceTree = BUILT_PRODUCTS_DIR; };
		44A26D68F75F951E1A89CBFE /* Pods_Gemmu_GemmuUITests.framework */ = {isa = PBXFileReference; explicitFileType = wrapper.framework; includeInIndex = 0; path = Pods_Gemmu_GemmuUITests.framework; sourceTree = BUILT_PRODUCTS_DIR; };
		461F1965216FC91209AE86C7 /* Pods_GemmuTests.framework */ = {isa = PBXFileReference; explicitFileType = wrapper.framework; includeInIndex = 0; path = Pods_GemmuTests.framework; sourceTree = BUILT_PRODUCTS_DIR; };
		4B1B8743C647ECE4203158F3 /* Pods-Gemmu.debug.xcconfig */ = {isa = PBXFileReference; includeInIndex = 1; lastKnownFileType = text.xcconfig; name = "Pods-Gemmu.debug.xcconfig"; path = "Target Support Files/Pods-Gemmu/Pods-Gemmu.debug.xcconfig"; sourceTree = "<group>"; };
		6DD2A164B1F7145C4A671A75 /* Pods-Gemmu-GemmuUITests.release.xcconfig */ = {isa = PBXFileReference; includeInIndex = 1; lastKnownFileType = text.xcconfig; name = "Pods-Gemmu-GemmuUITests.release.xcconfig"; path = "Target Support Files/Pods-Gemmu-GemmuUITests/Pods-Gemmu-GemmuUITests.release.xcconfig"; sourceTree = "<group>"; };
		84259E1EC49A5637CB61572C /* Pods-GemmuTests.release.xcconfig */ = {isa = PBXFileReference; includeInIndex = 1; lastKnownFileType = text.xcconfig; name = "Pods-GemmuTests.release.xcconfig"; path = "Target Support Files/Pods-GemmuTests/Pods-GemmuTests.release.xcconfig"; sourceTree = "<group>"; };
		A939DC2D7437275BAEAF318A /* Pods-GemmuTests.debug.xcconfig */ = {isa = PBXFileReference; includeInIndex = 1; lastKnownFileType = text.xcconfig; name = "Pods-GemmuTests.debug.xcconfig"; path = "Target Support Files/Pods-GemmuTests/Pods-GemmuTests.debug.xcconfig"; sourceTree = "<group>"; };
		B01EA6A0DB87B32C092B952E /* Pods-Gemmu-GemmuUITests.debug.xcconfig */ = {isa = PBXFileReference; includeInIndex = 1; lastKnownFileType = text.xcconfig; name = "Pods-Gemmu-GemmuUITests.debug.xcconfig"; path = "Target Support Files/Pods-Gemmu-GemmuUITests/Pods-Gemmu-GemmuUITests.debug.xcconfig"; sourceTree = "<group>"; };
		BA530EE927B4BEFC00E4DD64 /* SearchView.swift */ = {isa = PBXFileReference; lastKnownFileType = sourcecode.swift; path = SearchView.swift; sourceTree = "<group>"; };
		BA530EEB27B4BF2300E4DD64 /* HomeView.swift */ = {isa = PBXFileReference; lastKnownFileType = sourcecode.swift; path = HomeView.swift; sourceTree = "<group>"; };
		BA530EEE27B4F8FA00E4DD64 /* SearchViewController.swift */ = {isa = PBXFileReference; lastKnownFileType = sourcecode.swift; path = SearchViewController.swift; sourceTree = "<group>"; };
		BA530EF027B5342200E4DD64 /* HomeViewController.swift */ = {isa = PBXFileReference; lastKnownFileType = sourcecode.swift; path = HomeViewController.swift; sourceTree = "<group>"; };
		BA530EF327B537D700E4DD64 /* GamesDataProvider.swift */ = {isa = PBXFileReference; lastKnownFileType = sourcecode.swift; path = GamesDataProvider.swift; sourceTree = "<group>"; };
		BA5DD96027B5FD1300DC96CD /* GameSearchResponse.swift */ = {isa = PBXFileReference; lastKnownFileType = sourcecode.swift; path = GameSearchResponse.swift; sourceTree = "<group>"; };
		BA5DD96227B5FEC800DC96CD /* SearchItemResult.swift */ = {isa = PBXFileReference; lastKnownFileType = sourcecode.swift; path = SearchItemResult.swift; sourceTree = "<group>"; };
		BA5DD96427B6117700DC96CD /* DetailGameView.swift */ = {isa = PBXFileReference; lastKnownFileType = sourcecode.swift; path = DetailGameView.swift; sourceTree = "<group>"; };
		BA5DD96827B6135300DC96CD /* DetailGameViewController.swift */ = {isa = PBXFileReference; lastKnownFileType = sourcecode.swift; path = DetailGameViewController.swift; sourceTree = "<group>"; };
		BA97AC8827B3DC9100139D3F /* TagsCard.swift */ = {isa = PBXFileReference; lastKnownFileType = sourcecode.swift; path = TagsCard.swift; sourceTree = "<group>"; };
		BA97AC8A27B3DD3800139D3F /* Extensionn.swift */ = {isa = PBXFileReference; lastKnownFileType = sourcecode.swift; path = Extensionn.swift; sourceTree = "<group>"; };
		BA97AC8E27B3E6C200139D3F /* ItemList.swift */ = {isa = PBXFileReference; lastKnownFileType = sourcecode.swift; path = ItemList.swift; sourceTree = "<group>"; };
		BAA3C18D27B39C36001F7B5B /* Gemmu.app */ = {isa = PBXFileReference; explicitFileType = wrapper.application; includeInIndex = 0; path = Gemmu.app; sourceTree = BUILT_PRODUCTS_DIR; };
		BAA3C19027B39C36001F7B5B /* gemmuApp.swift */ = {isa = PBXFileReference; lastKnownFileType = sourcecode.swift; path = gemmuApp.swift; sourceTree = "<group>"; };
		BAA3C19227B39C36001F7B5B /* ContentView.swift */ = {isa = PBXFileReference; lastKnownFileType = sourcecode.swift; path = ContentView.swift; sourceTree = "<group>"; };
		BAA3C19427B39C38001F7B5B /* Assets.xcassets */ = {isa = PBXFileReference; lastKnownFileType = folder.assetcatalog; path = Assets.xcassets; sourceTree = "<group>"; };
		BAA3C19727B39C38001F7B5B /* Preview Assets.xcassets */ = {isa = PBXFileReference; lastKnownFileType = folder.assetcatalog; path = "Preview Assets.xcassets"; sourceTree = "<group>"; };
		BAA3C19D27B39C38001F7B5B /* GemmuTests.xctest */ = {isa = PBXFileReference; explicitFileType = wrapper.cfbundle; includeInIndex = 0; path = GemmuTests.xctest; sourceTree = BUILT_PRODUCTS_DIR; };
		BAA3C1A127B39C38001F7B5B /* gemmuTests.swift */ = {isa = PBXFileReference; lastKnownFileType = sourcecode.swift; path = gemmuTests.swift; sourceTree = "<group>"; };
		BAA3C1A727B39C38001F7B5B /* GemmuUITests.xctest */ = {isa = PBXFileReference; explicitFileType = wrapper.cfbundle; includeInIndex = 0; path = GemmuUITests.xctest; sourceTree = BUILT_PRODUCTS_DIR; };
		BAA3C1AB27B39C38001F7B5B /* gemmuUITests.swift */ = {isa = PBXFileReference; lastKnownFileType = sourcecode.swift; path = gemmuUITests.swift; sourceTree = "<group>"; };
		BAA3C1AD27B39C38001F7B5B /* gemmuUITestsLaunchTests.swift */ = {isa = PBXFileReference; lastKnownFileType = sourcecode.swift; path = gemmuUITestsLaunchTests.swift; sourceTree = "<group>"; };
		BAA3C1C027B3B2B7001F7B5B /* Constants.swift */ = {isa = PBXFileReference; lastKnownFileType = sourcecode.swift; path = Constants.swift; sourceTree = "<group>"; };
		BAA3C1C427B3B9D4001F7B5B /* AboutPageView.swift */ = {isa = PBXFileReference; lastKnownFileType = sourcecode.swift; path = AboutPageView.swift; sourceTree = "<group>"; };
		BAA3C1EA27B3C145001F7B5B /* GamesResponse.swift */ = {isa = PBXFileReference; lastKnownFileType = sourcecode.swift; path = GamesResponse.swift; sourceTree = "<group>"; };
		BAA3C1EC27B3C1B8001F7B5B /* Store.swift */ = {isa = PBXFileReference; lastKnownFileType = sourcecode.swift; path = Store.swift; sourceTree = "<group>"; };
		BAA3C1EE27B3CD5A001F7B5B /* GameItem.swift */ = {isa = PBXFileReference; lastKnownFileType = sourcecode.swift; path = GameItem.swift; sourceTree = "<group>"; };
		BAA3C1F027B3CDB0001F7B5B /* Rating.swift */ = {isa = PBXFileReference; lastKnownFileType = sourcecode.swift; path = Rating.swift; sourceTree = "<group>"; };
		BAA3C1F227B3CDFB001F7B5B /* ShortScreenshot.swift */ = {isa = PBXFileReference; lastKnownFileType = sourcecode.swift; path = ShortScreenshot.swift; sourceTree = "<group>"; };
		BAA3C1F427B3CE1F001F7B5B /* Title.swift */ = {isa = PBXFileReference; lastKnownFileType = sourcecode.swift; path = Title.swift; sourceTree = "<group>"; };
		BAA3C1F627B3CE86001F7B5B /* Requirements.swift */ = {isa = PBXFileReference; lastKnownFileType = sourcecode.swift; path = Requirements.swift; sourceTree = "<group>"; };
		BAA3C1F827B3CEEE001F7B5B /* ParentPlatform.swift */ = {isa = PBXFileReference; lastKnownFileType = sourcecode.swift; path = ParentPlatform.swift; sourceTree = "<group>"; };
		BAA3C1FA27B3CF8B001F7B5B /* EsrbRating.swift */ = {isa = PBXFileReference; lastKnownFileType = sourcecode.swift; path = EsrbRating.swift; sourceTree = "<group>"; };
		BAA3C1FC27B3CFE8001F7B5B /* PlatformSpesific.swift */ = {isa = PBXFileReference; lastKnownFileType = sourcecode.swift; path = PlatformSpesific.swift; sourceTree = "<group>"; };
		BAA3C1FE27B3D059001F7B5B /* Genre.swift */ = {isa = PBXFileReference; lastKnownFileType = sourcecode.swift; path = Genre.swift; sourceTree = "<group>"; };
		BAA3C20027B3D088001F7B5B /* AddedByStatus.swift */ = {isa = PBXFileReference; lastKnownFileType = sourcecode.swift; path = AddedByStatus.swift; sourceTree = "<group>"; };
		BAA3C20227B3D221001F7B5B /* GameDetailResponse.swift */ = {isa = PBXFileReference; lastKnownFileType = sourcecode.swift; path = GameDetailResponse.swift; sourceTree = "<group>"; };
		BAA3C20427B3D399001F7B5B /* Developer.swift */ = {isa = PBXFileReference; lastKnownFileType = sourcecode.swift; path = Developer.swift; sourceTree = "<group>"; };
/* End PBXFileReference section */

/* Begin PBXFrameworksBuildPhase section */
		BAA3C18A27B39C36001F7B5B /* Frameworks */ = {
			isa = PBXFrameworksBuildPhase;
			buildActionMask = 2147483647;
			files = (
				BAA3C1C827B3B9FC001F7B5B /* NetworkImage in Frameworks */,
				BAA3C1CD27B3BC98001F7B5B /* Alamofire in Frameworks */,
				131C1A15D05444215943A317 /* Pods_Gemmu.framework in Frameworks */,
			);
			runOnlyForDeploymentPostprocessing = 0;
		};
		BAA3C19A27B39C38001F7B5B /* Frameworks */ = {
			isa = PBXFrameworksBuildPhase;
			buildActionMask = 2147483647;
			files = (
				3BD272A6D59E9665244E7B52 /* Pods_GemmuTests.framework in Frameworks */,
			);
			runOnlyForDeploymentPostprocessing = 0;
		};
		BAA3C1A427B39C38001F7B5B /* Frameworks */ = {
			isa = PBXFrameworksBuildPhase;
			buildActionMask = 2147483647;
			files = (
				FBB741FC28F9B0A5A53B1038 /* Pods_Gemmu_GemmuUITests.framework in Frameworks */,
			);
			runOnlyForDeploymentPostprocessing = 0;
		};
/* End PBXFrameworksBuildPhase section */

/* Begin PBXGroup section */
		0CBF124834EECA4469DE93CA /* Pods */ = {
			isa = PBXGroup;
			children = (
				4B1B8743C647ECE4203158F3 /* Pods-Gemmu.debug.xcconfig */,
				108BDC2A3C749EF33D53951E /* Pods-Gemmu.release.xcconfig */,
				B01EA6A0DB87B32C092B952E /* Pods-Gemmu-GemmuUITests.debug.xcconfig */,
				6DD2A164B1F7145C4A671A75 /* Pods-Gemmu-GemmuUITests.release.xcconfig */,
				A939DC2D7437275BAEAF318A /* Pods-GemmuTests.debug.xcconfig */,
				84259E1EC49A5637CB61572C /* Pods-GemmuTests.release.xcconfig */,
			);
			name = Pods;
			path = Pods;
			sourceTree = "<group>";
		};
		BA530EED27B4F71700E4DD64 /* controllers */ = {
			isa = PBXGroup;
			children = (
				BA530EEE27B4F8FA00E4DD64 /* SearchViewController.swift */,
				BA530EF027B5342200E4DD64 /* HomeViewController.swift */,
				BA5DD96827B6135300DC96CD /* DetailGameViewController.swift */,
			);
			path = controllers;
			sourceTree = "<group>";
		};
		BA530EF227B537B200E4DD64 /* providers */ = {
			isa = PBXGroup;
			children = (
				BA530EF327B537D700E4DD64 /* GamesDataProvider.swift */,
			);
			path = providers;
			sourceTree = "<group>";
		};
		BA97AC8727B3DC6F00139D3F /* components */ = {
			isa = PBXGroup;
			children = (
				BA97AC8827B3DC9100139D3F /* TagsCard.swift */,
				BA97AC8E27B3E6C200139D3F /* ItemList.swift */,
			);
			path = components;
			sourceTree = "<group>";
		};
		BAA3C18427B39C36001F7B5B = {
			isa = PBXGroup;
			children = (
				BAA3C18F27B39C36001F7B5B /* gemmu */,
				BAA3C1A027B39C38001F7B5B /* gemmuTests */,
				BAA3C1AA27B39C38001F7B5B /* gemmuUITests */,
				BAA3C18E27B39C36001F7B5B /* Products */,
				0CBF124834EECA4469DE93CA /* Pods */,
				E24F6FB962C99EF5792EF7E6 /* Frameworks */,
			);
			sourceTree = "<group>";
		};
		BAA3C18E27B39C36001F7B5B /* Products */ = {
			isa = PBXGroup;
			children = (
				BAA3C18D27B39C36001F7B5B /* Gemmu.app */,
				BAA3C19D27B39C38001F7B5B /* GemmuTests.xctest */,
				BAA3C1A727B39C38001F7B5B /* GemmuUITests.xctest */,
			);
			name = Products;
			sourceTree = "<group>";
		};
		BAA3C18F27B39C36001F7B5B /* gemmu */ = {
			isa = PBXGroup;
			children = (
				BA530EF227B537B200E4DD64 /* providers */,
				BA530EED27B4F71700E4DD64 /* controllers */,
				BAA3C1E927B3C137001F7B5B /* models */,
				BAA3C1C327B3B8BC001F7B5B /* views */,
				BAA3C19027B39C36001F7B5B /* gemmuApp.swift */,
				BAA3C19427B39C38001F7B5B /* Assets.xcassets */,
				BAA3C19627B39C38001F7B5B /* Preview Content */,
				BAA3C1C027B3B2B7001F7B5B /* Constants.swift */,
				BA97AC8A27B3DD3800139D3F /* Extensionn.swift */,
			);
			path = gemmu;
			sourceTree = "<group>";
		};
		BAA3C19627B39C38001F7B5B /* Preview Content */ = {
			isa = PBXGroup;
			children = (
				BAA3C19727B39C38001F7B5B /* Preview Assets.xcassets */,
			);
			path = "Preview Content";
			sourceTree = "<group>";
		};
		BAA3C1A027B39C38001F7B5B /* gemmuTests */ = {
			isa = PBXGroup;
			children = (
				BAA3C1A127B39C38001F7B5B /* gemmuTests.swift */,
			);
			path = gemmuTests;
			sourceTree = "<group>";
		};
		BAA3C1AA27B39C38001F7B5B /* gemmuUITests */ = {
			isa = PBXGroup;
			children = (
				BAA3C1AB27B39C38001F7B5B /* gemmuUITests.swift */,
				BAA3C1AD27B39C38001F7B5B /* gemmuUITestsLaunchTests.swift */,
			);
			path = gemmuUITests;
			sourceTree = "<group>";
		};
		BAA3C1C327B3B8BC001F7B5B /* views */ = {
			isa = PBXGroup;
			children = (
				BA97AC8727B3DC6F00139D3F /* components */,
				BAA3C19227B39C36001F7B5B /* ContentView.swift */,
				BAA3C1C427B3B9D4001F7B5B /* AboutPageView.swift */,
				BA530EE927B4BEFC00E4DD64 /* SearchView.swift */,
				BA530EEB27B4BF2300E4DD64 /* HomeView.swift */,
				BA5DD96427B6117700DC96CD /* DetailGameView.swift */,
			);
			path = views;
			sourceTree = "<group>";
		};
		BAA3C1E927B3C137001F7B5B /* models */ = {
			isa = PBXGroup;
			children = (
				BAA3C1EA27B3C145001F7B5B /* GamesResponse.swift */,
				BAA3C1EC27B3C1B8001F7B5B /* Store.swift */,
				BAA3C1EE27B3CD5A001F7B5B /* GameItem.swift */,
				BAA3C1F027B3CDB0001F7B5B /* Rating.swift */,
				BAA3C1F227B3CDFB001F7B5B /* ShortScreenshot.swift */,
				BAA3C1F427B3CE1F001F7B5B /* Title.swift */,
				BAA3C1F627B3CE86001F7B5B /* Requirements.swift */,
				BAA3C1F827B3CEEE001F7B5B /* ParentPlatform.swift */,
				BAA3C1FA27B3CF8B001F7B5B /* EsrbRating.swift */,
				BAA3C1FC27B3CFE8001F7B5B /* PlatformSpesific.swift */,
				BAA3C1FE27B3D059001F7B5B /* Genre.swift */,
				BAA3C20027B3D088001F7B5B /* AddedByStatus.swift */,
				BAA3C20227B3D221001F7B5B /* GameDetailResponse.swift */,
				BAA3C20427B3D399001F7B5B /* Developer.swift */,
				BA5DD96027B5FD1300DC96CD /* GameSearchResponse.swift */,
				BA5DD96227B5FEC800DC96CD /* SearchItemResult.swift */,
			);
			path = models;
			sourceTree = "<group>";
		};
		E24F6FB962C99EF5792EF7E6 /* Frameworks */ = {
			isa = PBXGroup;
			children = (
				12AC6D6D0C1DEE2DC0C99215 /* Pods_Gemmu.framework */,
				44A26D68F75F951E1A89CBFE /* Pods_Gemmu_GemmuUITests.framework */,
				461F1965216FC91209AE86C7 /* Pods_GemmuTests.framework */,
			);
			name = Frameworks;
			sourceTree = "<group>";
		};
/* End PBXGroup section */

/* Begin PBXNativeTarget section */
		BAA3C18C27B39C36001F7B5B /* Gemmu */ = {
			isa = PBXNativeTarget;
			buildConfigurationList = BAA3C1B127B39C38001F7B5B /* Build configuration list for PBXNativeTarget "Gemmu" */;
			buildPhases = (
				D2CA9CCB20790EB662EDCE7B /* [CP] Check Pods Manifest.lock */,
				BAA3C18927B39C36001F7B5B /* Sources */,
				BAA3C18A27B39C36001F7B5B /* Frameworks */,
				BAA3C18B27B39C36001F7B5B /* Resources */,
			);
			buildRules = (
			);
			dependencies = (
			);
			name = Gemmu;
			packageProductDependencies = (
				BAA3C1C727B3B9FC001F7B5B /* NetworkImage */,
				BAA3C1CC27B3BC98001F7B5B /* Alamofire */,
			);
			productName = gemmu;
			productReference = BAA3C18D27B39C36001F7B5B /* Gemmu.app */;
			productType = "com.apple.product-type.application";
		};
		BAA3C19C27B39C38001F7B5B /* GemmuTests */ = {
			isa = PBXNativeTarget;
			buildConfigurationList = BAA3C1B427B39C38001F7B5B /* Build configuration list for PBXNativeTarget "GemmuTests" */;
			buildPhases = (
				24D5B63C862E7AECF87274C2 /* [CP] Check Pods Manifest.lock */,
				BAA3C19927B39C38001F7B5B /* Sources */,
				BAA3C19A27B39C38001F7B5B /* Frameworks */,
				BAA3C19B27B39C38001F7B5B /* Resources */,
			);
			buildRules = (
			);
			dependencies = (
				BAA3C19F27B39C38001F7B5B /* PBXTargetDependency */,
			);
			name = GemmuTests;
			productName = gemmuTests;
			productReference = BAA3C19D27B39C38001F7B5B /* GemmuTests.xctest */;
			productType = "com.apple.product-type.bundle.unit-test";
		};
		BAA3C1A627B39C38001F7B5B /* GemmuUITests */ = {
			isa = PBXNativeTarget;
			buildConfigurationList = BAA3C1B727B39C38001F7B5B /* Build configuration list for PBXNativeTarget "GemmuUITests" */;
			buildPhases = (
				BDA69ABFDF6CBE64325E3EEC /* [CP] Check Pods Manifest.lock */,
				BAA3C1A327B39C38001F7B5B /* Sources */,
				BAA3C1A427B39C38001F7B5B /* Frameworks */,
				BAA3C1A527B39C38001F7B5B /* Resources */,
			);
			buildRules = (
			);
			dependencies = (
				BAA3C1A927B39C38001F7B5B /* PBXTargetDependency */,
			);
			name = GemmuUITests;
			productName = gemmuUITests;
			productReference = BAA3C1A727B39C38001F7B5B /* GemmuUITests.xctest */;
			productType = "com.apple.product-type.bundle.ui-testing";
		};
/* End PBXNativeTarget section */

/* Begin PBXProject section */
		BAA3C18527B39C36001F7B5B /* Project object */ = {
			isa = PBXProject;
			attributes = {
				BuildIndependentTargetsInParallel = 1;
				LastSwiftUpdateCheck = 1320;
				LastUpgradeCheck = 1320;
				TargetAttributes = {
					BAA3C18C27B39C36001F7B5B = {
						CreatedOnToolsVersion = 13.2.1;
					};
					BAA3C19C27B39C38001F7B5B = {
						CreatedOnToolsVersion = 13.2.1;
						TestTargetID = BAA3C18C27B39C36001F7B5B;
					};
					BAA3C1A627B39C38001F7B5B = {
						CreatedOnToolsVersion = 13.2.1;
						TestTargetID = BAA3C18C27B39C36001F7B5B;
					};
				};
			};
			buildConfigurationList = BAA3C18827B39C36001F7B5B /* Build configuration list for PBXProject "Gemmu" */;
			compatibilityVersion = "Xcode 13.0";
			developmentRegion = en;
			hasScannedForEncodings = 0;
			knownRegions = (
				en,
				Base,
			);
			mainGroup = BAA3C18427B39C36001F7B5B;
			packageReferences = (
				BAA3C1C627B3B9FC001F7B5B /* XCRemoteSwiftPackageReference "NetworkImage" */,
				BAA3C1CB27B3BC98001F7B5B /* XCRemoteSwiftPackageReference "Alamofire" */,
			);
			productRefGroup = BAA3C18E27B39C36001F7B5B /* Products */;
			projectDirPath = "";
			projectRoot = "";
			targets = (
				BAA3C18C27B39C36001F7B5B /* Gemmu */,
				BAA3C19C27B39C38001F7B5B /* GemmuTests */,
				BAA3C1A627B39C38001F7B5B /* GemmuUITests */,
			);
		};
/* End PBXProject section */

/* Begin PBXResourcesBuildPhase section */
		BAA3C18B27B39C36001F7B5B /* Resources */ = {
			isa = PBXResourcesBuildPhase;
			buildActionMask = 2147483647;
			files = (
				BAA3C19827B39C38001F7B5B /* Preview Assets.xcassets in Resources */,
				BAA3C19527B39C38001F7B5B /* Assets.xcassets in Resources */,
			);
			runOnlyForDeploymentPostprocessing = 0;
		};
		BAA3C19B27B39C38001F7B5B /* Resources */ = {
			isa = PBXResourcesBuildPhase;
			buildActionMask = 2147483647;
			files = (
			);
			runOnlyForDeploymentPostprocessing = 0;
		};
		BAA3C1A527B39C38001F7B5B /* Resources */ = {
			isa = PBXResourcesBuildPhase;
			buildActionMask = 2147483647;
			files = (
			);
			runOnlyForDeploymentPostprocessing = 0;
		};
/* End PBXResourcesBuildPhase section */

/* Begin PBXShellScriptBuildPhase section */
		24D5B63C862E7AECF87274C2 /* [CP] Check Pods Manifest.lock */ = {
			isa = PBXShellScriptBuildPhase;
			buildActionMask = 2147483647;
			files = (
			);
			inputFileListPaths = (
			);
			inputPaths = (
				"${PODS_PODFILE_DIR_PATH}/Podfile.lock",
				"${PODS_ROOT}/Manifest.lock",
			);
			name = "[CP] Check Pods Manifest.lock";
			outputFileListPaths = (
			);
			outputPaths = (
				"$(DERIVED_FILE_DIR)/Pods-GemmuTests-checkManifestLockResult.txt",
			);
			runOnlyForDeploymentPostprocessing = 0;
			shellPath = /bin/sh;
			shellScript = "diff \"${PODS_PODFILE_DIR_PATH}/Podfile.lock\" \"${PODS_ROOT}/Manifest.lock\" > /dev/null\nif [ $? != 0 ] ; then\n    # print error to STDERR\n    echo \"error: The sandbox is not in sync with the Podfile.lock. Run 'pod install' or update your CocoaPods installation.\" >&2\n    exit 1\nfi\n# This output is used by Xcode 'outputs' to avoid re-running this script phase.\necho \"SUCCESS\" > \"${SCRIPT_OUTPUT_FILE_0}\"\n";
			showEnvVarsInLog = 0;
		};
		BDA69ABFDF6CBE64325E3EEC /* [CP] Check Pods Manifest.lock */ = {
			isa = PBXShellScriptBuildPhase;
			buildActionMask = 2147483647;
			files = (
			);
			inputFileListPaths = (
			);
			inputPaths = (
				"${PODS_PODFILE_DIR_PATH}/Podfile.lock",
				"${PODS_ROOT}/Manifest.lock",
			);
			name = "[CP] Check Pods Manifest.lock";
			outputFileListPaths = (
			);
			outputPaths = (
				"$(DERIVED_FILE_DIR)/Pods-Gemmu-GemmuUITests-checkManifestLockResult.txt",
			);
			runOnlyForDeploymentPostprocessing = 0;
			shellPath = /bin/sh;
			shellScript = "diff \"${PODS_PODFILE_DIR_PATH}/Podfile.lock\" \"${PODS_ROOT}/Manifest.lock\" > /dev/null\nif [ $? != 0 ] ; then\n    # print error to STDERR\n    echo \"error: The sandbox is not in sync with the Podfile.lock. Run 'pod install' or update your CocoaPods installation.\" >&2\n    exit 1\nfi\n# This output is used by Xcode 'outputs' to avoid re-running this script phase.\necho \"SUCCESS\" > \"${SCRIPT_OUTPUT_FILE_0}\"\n";
			showEnvVarsInLog = 0;
		};
		D2CA9CCB20790EB662EDCE7B /* [CP] Check Pods Manifest.lock */ = {
			isa = PBXShellScriptBuildPhase;
			buildActionMask = 2147483647;
			files = (
			);
			inputFileListPaths = (
			);
			inputPaths = (
				"${PODS_PODFILE_DIR_PATH}/Podfile.lock",
				"${PODS_ROOT}/Manifest.lock",
			);
			name = "[CP] Check Pods Manifest.lock";
			outputFileListPaths = (
			);
			outputPaths = (
				"$(DERIVED_FILE_DIR)/Pods-Gemmu-checkManifestLockResult.txt",
			);
			runOnlyForDeploymentPostprocessing = 0;
			shellPath = /bin/sh;
			shellScript = "diff \"${PODS_PODFILE_DIR_PATH}/Podfile.lock\" \"${PODS_ROOT}/Manifest.lock\" > /dev/null\nif [ $? != 0 ] ; then\n    # print error to STDERR\n    echo \"error: The sandbox is not in sync with the Podfile.lock. Run 'pod install' or update your CocoaPods installation.\" >&2\n    exit 1\nfi\n# This output is used by Xcode 'outputs' to avoid re-running this script phase.\necho \"SUCCESS\" > \"${SCRIPT_OUTPUT_FILE_0}\"\n";
			showEnvVarsInLog = 0;
		};
/* End PBXShellScriptBuildPhase section */

/* Begin PBXSourcesBuildPhase section */
		BAA3C18927B39C36001F7B5B /* Sources */ = {
			isa = PBXSourcesBuildPhase;
			buildActionMask = 2147483647;
			files = (
				BAA3C20527B3D399001F7B5B /* Developer.swift in Sources */,
				BAA3C1F527B3CE1F001F7B5B /* Title.swift in Sources */,
				BA97AC8927B3DC9100139D3F /* TagsCard.swift in Sources */,
				BAA3C19327B39C36001F7B5B /* ContentView.swift in Sources */,
				BAA3C1EB27B3C145001F7B5B /* GamesResponse.swift in Sources */,
				BAA3C1C527B3B9D4001F7B5B /* AboutPageView.swift in Sources */,
				BAA3C1FD27B3CFE8001F7B5B /* PlatformSpesific.swift in Sources */,
				BA97AC8B27B3DD3800139D3F /* Extensionn.swift in Sources */,
				BA97AC8F27B3E6C200139D3F /* ItemList.swift in Sources */,
				BAA3C1ED27B3C1B8001F7B5B /* Store.swift in Sources */,
				BAA3C1F327B3CDFB001F7B5B /* ShortScreenshot.swift in Sources */,
				BA530EF127B5342200E4DD64 /* HomeViewController.swift in Sources */,
				BAA3C1FB27B3CF8B001F7B5B /* EsrbRating.swift in Sources */,
				BAA3C1F127B3CDB0001F7B5B /* Rating.swift in Sources */,
				BA530EEA27B4BEFC00E4DD64 /* SearchView.swift in Sources */,
				BA5DD96327B5FEC800DC96CD /* SearchItemResult.swift in Sources */,
				BAA3C1FF27B3D059001F7B5B /* Genre.swift in Sources */,
				BA530EEF27B4F8FA00E4DD64 /* SearchViewController.swift in Sources */,
				BAA3C1EF27B3CD5A001F7B5B /* GameItem.swift in Sources */,
				BA5DD96927B6135300DC96CD /* DetailGameViewController.swift in Sources */,
				BA5DD96127B5FD1400DC96CD /* GameSearchResponse.swift in Sources */,
				BAA3C19127B39C36001F7B5B /* gemmuApp.swift in Sources */,
				BA5DD96527B6117700DC96CD /* DetailGameView.swift in Sources */,
				BA530EF427B537D700E4DD64 /* GamesDataProvider.swift in Sources */,
				BAA3C1C127B3B2B8001F7B5B /* Constants.swift in Sources */,
				BAA3C1F927B3CEEE001F7B5B /* ParentPlatform.swift in Sources */,
				BAA3C20327B3D221001F7B5B /* GameDetailResponse.swift in Sources */,
				BA530EEC27B4BF2300E4DD64 /* HomeView.swift in Sources */,
				BAA3C1F727B3CE86001F7B5B /* Requirements.swift in Sources */,
				BAA3C20127B3D088001F7B5B /* AddedByStatus.swift in Sources */,
			);
			runOnlyForDeploymentPostprocessing = 0;
		};
		BAA3C19927B39C38001F7B5B /* Sources */ = {
			isa = PBXSourcesBuildPhase;
			buildActionMask = 2147483647;
			files = (
				BAA3C1A227B39C38001F7B5B /* gemmuTests.swift in Sources */,
			);
			runOnlyForDeploymentPostprocessing = 0;
		};
		BAA3C1A327B39C38001F7B5B /* Sources */ = {
			isa = PBXSourcesBuildPhase;
			buildActionMask = 2147483647;
			files = (
				BAA3C1AE27B39C38001F7B5B /* gemmuUITestsLaunchTests.swift in Sources */,
				BAA3C1AC27B39C38001F7B5B /* gemmuUITests.swift in Sources */,
			);
			runOnlyForDeploymentPostprocessing = 0;
		};
/* End PBXSourcesBuildPhase section */

/* Begin PBXTargetDependency section */
		BAA3C19F27B39C38001F7B5B /* PBXTargetDependency */ = {
			isa = PBXTargetDependency;
			target = BAA3C18C27B39C36001F7B5B /* Gemmu */;
			targetProxy = BAA3C19E27B39C38001F7B5B /* PBXContainerItemProxy */;
		};
		BAA3C1A927B39C38001F7B5B /* PBXTargetDependency */ = {
			isa = PBXTargetDependency;
			target = BAA3C18C27B39C36001F7B5B /* Gemmu */;
			targetProxy = BAA3C1A827B39C38001F7B5B /* PBXContainerItemProxy */;
		};
/* End PBXTargetDependency section */

/* Begin XCBuildConfiguration section */
		BAA3C1AF27B39C38001F7B5B /* Debug */ = {
			isa = XCBuildConfiguration;
			buildSettings = {
				ALWAYS_SEARCH_USER_PATHS = NO;
				CLANG_ANALYZER_NONNULL = YES;
				CLANG_ANALYZER_NUMBER_OBJECT_CONVERSION = YES_AGGRESSIVE;
				CLANG_CXX_LANGUAGE_STANDARD = "gnu++17";
				CLANG_CXX_LIBRARY = "libc++";
				CLANG_ENABLE_MODULES = YES;
				CLANG_ENABLE_OBJC_ARC = YES;
				CLANG_ENABLE_OBJC_WEAK = YES;
				CLANG_WARN_BLOCK_CAPTURE_AUTORELEASING = YES;
				CLANG_WARN_BOOL_CONVERSION = YES;
				CLANG_WARN_COMMA = YES;
				CLANG_WARN_CONSTANT_CONVERSION = YES;
				CLANG_WARN_DEPRECATED_OBJC_IMPLEMENTATIONS = YES;
				CLANG_WARN_DIRECT_OBJC_ISA_USAGE = YES_ERROR;
				CLANG_WARN_DOCUMENTATION_COMMENTS = YES;
				CLANG_WARN_EMPTY_BODY = YES;
				CLANG_WARN_ENUM_CONVERSION = YES;
				CLANG_WARN_INFINITE_RECURSION = YES;
				CLANG_WARN_INT_CONVERSION = YES;
				CLANG_WARN_NON_LITERAL_NULL_CONVERSION = YES;
				CLANG_WARN_OBJC_IMPLICIT_RETAIN_SELF = YES;
				CLANG_WARN_OBJC_LITERAL_CONVERSION = YES;
				CLANG_WARN_OBJC_ROOT_CLASS = YES_ERROR;
				CLANG_WARN_QUOTED_INCLUDE_IN_FRAMEWORK_HEADER = YES;
				CLANG_WARN_RANGE_LOOP_ANALYSIS = YES;
				CLANG_WARN_STRICT_PROTOTYPES = YES;
				CLANG_WARN_SUSPICIOUS_MOVE = YES;
				CLANG_WARN_UNGUARDED_AVAILABILITY = YES_AGGRESSIVE;
				CLANG_WARN_UNREACHABLE_CODE = YES;
				CLANG_WARN__DUPLICATE_METHOD_MATCH = YES;
				COPY_PHASE_STRIP = NO;
				DEBUG_INFORMATION_FORMAT = dwarf;
				ENABLE_STRICT_OBJC_MSGSEND = YES;
				ENABLE_TESTABILITY = YES;
				GCC_C_LANGUAGE_STANDARD = gnu11;
				GCC_DYNAMIC_NO_PIC = NO;
				GCC_NO_COMMON_BLOCKS = YES;
				GCC_OPTIMIZATION_LEVEL = 0;
				GCC_PREPROCESSOR_DEFINITIONS = (
					"DEBUG=1",
					"$(inherited)",
				);
				GCC_WARN_64_TO_32_BIT_CONVERSION = YES;
				GCC_WARN_ABOUT_RETURN_TYPE = YES_ERROR;
				GCC_WARN_UNDECLARED_SELECTOR = YES;
				GCC_WARN_UNINITIALIZED_AUTOS = YES_AGGRESSIVE;
				GCC_WARN_UNUSED_FUNCTION = YES;
				GCC_WARN_UNUSED_VARIABLE = YES;
				IPHONEOS_DEPLOYMENT_TARGET = 15.2;
				MTL_ENABLE_DEBUG_INFO = INCLUDE_SOURCE;
				MTL_FAST_MATH = YES;
				ONLY_ACTIVE_ARCH = YES;
				SDKROOT = iphoneos;
				SWIFT_ACTIVE_COMPILATION_CONDITIONS = DEBUG;
				SWIFT_OPTIMIZATION_LEVEL = "-Onone";
			};
			name = Debug;
		};
		BAA3C1B027B39C38001F7B5B /* Release */ = {
			isa = XCBuildConfiguration;
			buildSettings = {
				ALWAYS_SEARCH_USER_PATHS = NO;
				CLANG_ANALYZER_NONNULL = YES;
				CLANG_ANALYZER_NUMBER_OBJECT_CONVERSION = YES_AGGRESSIVE;
				CLANG_CXX_LANGUAGE_STANDARD = "gnu++17";
				CLANG_CXX_LIBRARY = "libc++";
				CLANG_ENABLE_MODULES = YES;
				CLANG_ENABLE_OBJC_ARC = YES;
				CLANG_ENABLE_OBJC_WEAK = YES;
				CLANG_WARN_BLOCK_CAPTURE_AUTORELEASING = YES;
				CLANG_WARN_BOOL_CONVERSION = YES;
				CLANG_WARN_COMMA = YES;
				CLANG_WARN_CONSTANT_CONVERSION = YES;
				CLANG_WARN_DEPRECATED_OBJC_IMPLEMENTATIONS = YES;
				CLANG_WARN_DIRECT_OBJC_ISA_USAGE = YES_ERROR;
				CLANG_WARN_DOCUMENTATION_COMMENTS = YES;
				CLANG_WARN_EMPTY_BODY = YES;
				CLANG_WARN_ENUM_CONVERSION = YES;
				CLANG_WARN_INFINITE_RECURSION = YES;
				CLANG_WARN_INT_CONVERSION = YES;
				CLANG_WARN_NON_LITERAL_NULL_CONVERSION = YES;
				CLANG_WARN_OBJC_IMPLICIT_RETAIN_SELF = YES;
				CLANG_WARN_OBJC_LITERAL_CONVERSION = YES;
				CLANG_WARN_OBJC_ROOT_CLASS = YES_ERROR;
				CLANG_WARN_QUOTED_INCLUDE_IN_FRAMEWORK_HEADER = YES;
				CLANG_WARN_RANGE_LOOP_ANALYSIS = YES;
				CLANG_WARN_STRICT_PROTOTYPES = YES;
				CLANG_WARN_SUSPICIOUS_MOVE = YES;
				CLANG_WARN_UNGUARDED_AVAILABILITY = YES_AGGRESSIVE;
				CLANG_WARN_UNREACHABLE_CODE = YES;
				CLANG_WARN__DUPLICATE_METHOD_MATCH = YES;
				COPY_PHASE_STRIP = NO;
				DEBUG_INFORMATION_FORMAT = "dwarf-with-dsym";
				ENABLE_NS_ASSERTIONS = NO;
				ENABLE_STRICT_OBJC_MSGSEND = YES;
				GCC_C_LANGUAGE_STANDARD = gnu11;
				GCC_NO_COMMON_BLOCKS = YES;
				GCC_WARN_64_TO_32_BIT_CONVERSION = YES;
				GCC_WARN_ABOUT_RETURN_TYPE = YES_ERROR;
				GCC_WARN_UNDECLARED_SELECTOR = YES;
				GCC_WARN_UNINITIALIZED_AUTOS = YES_AGGRESSIVE;
				GCC_WARN_UNUSED_FUNCTION = YES;
				GCC_WARN_UNUSED_VARIABLE = YES;
				IPHONEOS_DEPLOYMENT_TARGET = 15.2;
				MTL_ENABLE_DEBUG_INFO = NO;
				MTL_FAST_MATH = YES;
				SDKROOT = iphoneos;
				SWIFT_COMPILATION_MODE = wholemodule;
				SWIFT_OPTIMIZATION_LEVEL = "-O";
				VALIDATE_PRODUCT = YES;
			};
			name = Release;
		};
		BAA3C1B227B39C38001F7B5B /* Debug */ = {
			isa = XCBuildConfiguration;
			baseConfigurationReference = 4B1B8743C647ECE4203158F3 /* Pods-Gemmu.debug.xcconfig */;
			buildSettings = {
				ASSETCATALOG_COMPILER_APPICON_NAME = AppIcon;
				ASSETCATALOG_COMPILER_GLOBAL_ACCENT_COLOR_NAME = AccentColor;
				CODE_SIGN_STYLE = Automatic;
				CURRENT_PROJECT_VERSION = 1;
				DEVELOPMENT_ASSET_PATHS = "\"gemmu/Preview Content\"";
				DEVELOPMENT_TEAM = UBQN8N734M;
				ENABLE_PREVIEWS = YES;
				GENERATE_INFOPLIST_FILE = YES;
				INFOPLIST_KEY_UIApplicationSceneManifest_Generation = YES;
				INFOPLIST_KEY_UIApplicationSupportsIndirectInputEvents = YES;
				INFOPLIST_KEY_UILaunchScreen_Generation = YES;
				INFOPLIST_KEY_UISupportedInterfaceOrientations_iPad = "UIInterfaceOrientationPortrait UIInterfaceOrientationPortraitUpsideDown UIInterfaceOrientationLandscapeLeft UIInterfaceOrientationLandscapeRight";
				INFOPLIST_KEY_UISupportedInterfaceOrientations_iPhone = "UIInterfaceOrientationPortrait UIInterfaceOrientationLandscapeLeft UIInterfaceOrientationLandscapeRight";
				LD_RUNPATH_SEARCH_PATHS = (
					"$(inherited)",
					"@executable_path/Frameworks",
				);
				MARKETING_VERSION = 1.0;
				PRODUCT_BUNDLE_IDENTIFIER = DarkshanDev.gemmu;
				PRODUCT_NAME = Gemmu;
				SWIFT_EMIT_LOC_STRINGS = YES;
				SWIFT_VERSION = 5.0;
				TARGETED_DEVICE_FAMILY = "1,2";
			};
			name = Debug;
		};
		BAA3C1B327B39C38001F7B5B /* Release */ = {
			isa = XCBuildConfiguration;
			baseConfigurationReference = 108BDC2A3C749EF33D53951E /* Pods-Gemmu.release.xcconfig */;
			buildSettings = {
				ASSETCATALOG_COMPILER_APPICON_NAME = AppIcon;
				ASSETCATALOG_COMPILER_GLOBAL_ACCENT_COLOR_NAME = AccentColor;
				CODE_SIGN_STYLE = Automatic;
				CURRENT_PROJECT_VERSION = 1;
				DEVELOPMENT_ASSET_PATHS = "\"gemmu/Preview Content\"";
				DEVELOPMENT_TEAM = UBQN8N734M;
				ENABLE_PREVIEWS = YES;
				GENERATE_INFOPLIST_FILE = YES;
				INFOPLIST_KEY_UIApplicationSceneManifest_Generation = YES;
				INFOPLIST_KEY_UIApplicationSupportsIndirectInputEvents = YES;
				INFOPLIST_KEY_UILaunchScreen_Generation = YES;
				INFOPLIST_KEY_UISupportedInterfaceOrientations_iPad = "UIInterfaceOrientationPortrait UIInterfaceOrientationPortraitUpsideDown UIInterfaceOrientationLandscapeLeft UIInterfaceOrientationLandscapeRight";
				INFOPLIST_KEY_UISupportedInterfaceOrientations_iPhone = "UIInterfaceOrientationPortrait UIInterfaceOrientationLandscapeLeft UIInterfaceOrientationLandscapeRight";
				LD_RUNPATH_SEARCH_PATHS = (
					"$(inherited)",
					"@executable_path/Frameworks",
				);
				MARKETING_VERSION = 1.0;
				PRODUCT_BUNDLE_IDENTIFIER = DarkshanDev.gemmu;
				PRODUCT_NAME = Gemmu;
				SWIFT_EMIT_LOC_STRINGS = YES;
				SWIFT_VERSION = 5.0;
				TARGETED_DEVICE_FAMILY = "1,2";
			};
			name = Release;
		};
		BAA3C1B527B39C38001F7B5B /* Debug */ = {
			isa = XCBuildConfiguration;
			baseConfigurationReference = A939DC2D7437275BAEAF318A /* Pods-GemmuTests.debug.xcconfig */;
			buildSettings = {
				ALWAYS_EMBED_SWIFT_STANDARD_LIBRARIES = YES;
				BUNDLE_LOADER = "$(TEST_HOST)";
				CODE_SIGN_STYLE = Automatic;
				CURRENT_PROJECT_VERSION = 1;
				DEVELOPMENT_TEAM = UBQN8N734M;
				GENERATE_INFOPLIST_FILE = YES;
				IPHONEOS_DEPLOYMENT_TARGET = 15.2;
				MARKETING_VERSION = 1.0;
				PRODUCT_BUNDLE_IDENTIFIER = DarkshanDev.gemmuTests;
				PRODUCT_NAME = "$(TARGET_NAME)";
				SWIFT_EMIT_LOC_STRINGS = NO;
				SWIFT_VERSION = 5.0;
				TARGETED_DEVICE_FAMILY = "1,2";
				TEST_HOST = "$(BUILT_PRODUCTS_DIR)/Gemmu.app/Gemmu";
			};
			name = Debug;
		};
		BAA3C1B627B39C38001F7B5B /* Release */ = {
			isa = XCBuildConfiguration;
			baseConfigurationReference = 84259E1EC49A5637CB61572C /* Pods-GemmuTests.release.xcconfig */;
			buildSettings = {
				ALWAYS_EMBED_SWIFT_STANDARD_LIBRARIES = YES;
				BUNDLE_LOADER = "$(TEST_HOST)";
				CODE_SIGN_STYLE = Automatic;
				CURRENT_PROJECT_VERSION = 1;
				DEVELOPMENT_TEAM = UBQN8N734M;
				GENERATE_INFOPLIST_FILE = YES;
				IPHONEOS_DEPLOYMENT_TARGET = 15.2;
				MARKETING_VERSION = 1.0;
				PRODUCT_BUNDLE_IDENTIFIER = DarkshanDev.gemmuTests;
				PRODUCT_NAME = "$(TARGET_NAME)";
				SWIFT_EMIT_LOC_STRINGS = NO;
				SWIFT_VERSION = 5.0;
				TARGETED_DEVICE_FAMILY = "1,2";
				TEST_HOST = "$(BUILT_PRODUCTS_DIR)/Gemmu.app/Gemmu";
			};
			name = Release;
		};
		BAA3C1B827B39C38001F7B5B /* Debug */ = {
			isa = XCBuildConfiguration;
			baseConfigurationReference = B01EA6A0DB87B32C092B952E /* Pods-Gemmu-GemmuUITests.debug.xcconfig */;
			buildSettings = {
				ALWAYS_EMBED_SWIFT_STANDARD_LIBRARIES = YES;
				CODE_SIGN_STYLE = Automatic;
				CURRENT_PROJECT_VERSION = 1;
				DEVELOPMENT_TEAM = UBQN8N734M;
				GENERATE_INFOPLIST_FILE = YES;
				MARKETING_VERSION = 1.0;
				PRODUCT_BUNDLE_IDENTIFIER = DarkshanDev.gemmuUITests;
				PRODUCT_NAME = "$(TARGET_NAME)";
				SWIFT_EMIT_LOC_STRINGS = NO;
				SWIFT_VERSION = 5.0;
				TARGETED_DEVICE_FAMILY = "1,2";
				TEST_TARGET_NAME = gemmu;
			};
			name = Debug;
		};
		BAA3C1B927B39C38001F7B5B /* Release */ = {
			isa = XCBuildConfiguration;
			baseConfigurationReference = 6DD2A164B1F7145C4A671A75 /* Pods-Gemmu-GemmuUITests.release.xcconfig */;
			buildSettings = {
				ALWAYS_EMBED_SWIFT_STANDARD_LIBRARIES = YES;
				CODE_SIGN_STYLE = Automatic;
				CURRENT_PROJECT_VERSION = 1;
				DEVELOPMENT_TEAM = UBQN8N734M;
				GENERATE_INFOPLIST_FILE = YES;
				MARKETING_VERSION = 1.0;
				PRODUCT_BUNDLE_IDENTIFIER = DarkshanDev.gemmuUITests;
				PRODUCT_NAME = "$(TARGET_NAME)";
				SWIFT_EMIT_LOC_STRINGS = NO;
				SWIFT_VERSION = 5.0;
				TARGETED_DEVICE_FAMILY = "1,2";
				TEST_TARGET_NAME = gemmu;
			};
			name = Release;
		};
/* End XCBuildConfiguration section */

/* Begin XCConfigurationList section */
		BAA3C18827B39C36001F7B5B /* Build configuration list for PBXProject "Gemmu" */ = {
			isa = XCConfigurationList;
			buildConfigurations = (
				BAA3C1AF27B39C38001F7B5B /* Debug */,
				BAA3C1B027B39C38001F7B5B /* Release */,
			);
			defaultConfigurationIsVisible = 0;
			defaultConfigurationName = Release;
		};
		BAA3C1B127B39C38001F7B5B /* Build configuration list for PBXNativeTarget "Gemmu" */ = {
			isa = XCConfigurationList;
			buildConfigurations = (
				BAA3C1B227B39C38001F7B5B /* Debug */,
				BAA3C1B327B39C38001F7B5B /* Release */,
			);
			defaultConfigurationIsVisible = 0;
			defaultConfigurationName = Release;
		};
		BAA3C1B427B39C38001F7B5B /* Build configuration list for PBXNativeTarget "GemmuTests" */ = {
			isa = XCConfigurationList;
			buildConfigurations = (
				BAA3C1B527B39C38001F7B5B /* Debug */,
				BAA3C1B627B39C38001F7B5B /* Release */,
			);
			defaultConfigurationIsVisible = 0;
			defaultConfigurationName = Release;
		};
		BAA3C1B727B39C38001F7B5B /* Build configuration list for PBXNativeTarget "GemmuUITests" */ = {
			isa = XCConfigurationList;
			buildConfigurations = (
				BAA3C1B827B39C38001F7B5B /* Debug */,
				BAA3C1B927B39C38001F7B5B /* Release */,
			);
			defaultConfigurationIsVisible = 0;
			defaultConfigurationName = Release;
		};
/* End XCConfigurationList section */

/* Begin XCRemoteSwiftPackageReference section */
		BAA3C1C627B3B9FC001F7B5B /* XCRemoteSwiftPackageReference "NetworkImage" */ = {
			isa = XCRemoteSwiftPackageReference;
			repositoryURL = "https://github.com/gonzalezreal/NetworkImage";
			requirement = {
				branch = main;
				kind = branch;
			};
		};
		BAA3C1CB27B3BC98001F7B5B /* XCRemoteSwiftPackageReference "Alamofire" */ = {
			isa = XCRemoteSwiftPackageReference;
			repositoryURL = "https://github.com/Alamofire/Alamofire";
			requirement = {
				branch = master;
				kind = branch;
			};
		};
/* End XCRemoteSwiftPackageReference section */

/* Begin XCSwiftPackageProductDependency section */
		BAA3C1C727B3B9FC001F7B5B /* NetworkImage */ = {
			isa = XCSwiftPackageProductDependency;
			package = BAA3C1C627B3B9FC001F7B5B /* XCRemoteSwiftPackageReference "NetworkImage" */;
			productName = NetworkImage;
		};
		BAA3C1CC27B3BC98001F7B5B /* Alamofire */ = {
			isa = XCSwiftPackageProductDependency;
			package = BAA3C1CB27B3BC98001F7B5B /* XCRemoteSwiftPackageReference "Alamofire" */;
			productName = Alamofire;
		};
/* End XCSwiftPackageProductDependency section */
	};
	rootObject = BAA3C18527B39C36001F7B5B /* Project object */;
}
