// !$*UTF8*$!
{
	archiveVersion = 1;
	classes = {
	};
	objectVersion = 55;
	objects = {

/* Begin PBXBuildFile section */
		BA70DAD427CCCCC20010C7F5 /* Router.swift in Sources */ = {isa = PBXBuildFile; fileRef = BA70DAD327CCCCC20010C7F5 /* Router.swift */; };
		BA70DAD727CD178D0010C7F5 /* Home in Frameworks */ = {isa = PBXBuildFile; productRef = BA70DAD627CD178D0010C7F5 /* Home */; };
		BA70DADA27CD17E40010C7F5 /* Search in Frameworks */ = {isa = PBXBuildFile; productRef = BA70DAD927CD17E40010C7F5 /* Search */; };
		BA70DADD27CD17F80010C7F5 /* Favorite in Frameworks */ = {isa = PBXBuildFile; productRef = BA70DADC27CD17F80010C7F5 /* Favorite */; };
		BA70DAE327CD22030010C7F5 /* Detail in Frameworks */ = {isa = PBXBuildFile; productRef = BA70DAE227CD22030010C7F5 /* Detail */; };
		BAA3C19127B39C36001F7B5B /* gemmuApp.swift in Sources */ = {isa = PBXBuildFile; fileRef = BAA3C19027B39C36001F7B5B /* gemmuApp.swift */; };
		BAA3C19327B39C36001F7B5B /* ContentView.swift in Sources */ = {isa = PBXBuildFile; fileRef = BAA3C19227B39C36001F7B5B /* ContentView.swift */; };
		BAA3C19527B39C38001F7B5B /* Assets.xcassets in Resources */ = {isa = PBXBuildFile; fileRef = BAA3C19427B39C38001F7B5B /* Assets.xcassets */; };
		BAA3C19827B39C38001F7B5B /* Preview Assets.xcassets in Resources */ = {isa = PBXBuildFile; fileRef = BAA3C19727B39C38001F7B5B /* Preview Assets.xcassets */; };
		BAA3C1AC27B39C38001F7B5B /* gemmuUITests.swift in Sources */ = {isa = PBXBuildFile; fileRef = BAA3C1AB27B39C38001F7B5B /* gemmuUITests.swift */; };
		BAC6077F27CC5E8300DC243E /* Favorite in Frameworks */ = {isa = PBXBuildFile; productRef = BAC6077E27CC5E8300DC243E /* Favorite */; };
		BAC6078127CC5E8900DC243E /* Home in Frameworks */ = {isa = PBXBuildFile; productRef = BAC6078027CC5E8900DC243E /* Home */; };
		BAC6078327CC5E9000DC243E /* Search in Frameworks */ = {isa = PBXBuildFile; productRef = BAC6078227CC5E9000DC243E /* Search */; };
		BADDF9F227C79506000964C6 /* Common in Frameworks */ = {isa = PBXBuildFile; productRef = BADDF9F127C79506000964C6 /* Common */; };
		BADDF9F527C7B6F4000964C6 /* About in Frameworks */ = {isa = PBXBuildFile; productRef = BADDF9F427C7B6F4000964C6 /* About */; };
		BAE2BA1827BF7AC400B27E08 /* .swiftlint.yml in Resources */ = {isa = PBXBuildFile; fileRef = BAE2BA1727BF7AC400B27E08 /* .swiftlint.yml */; };
		BAE2BA2B27C095F400B27E08 /* Injector.swift in Sources */ = {isa = PBXBuildFile; fileRef = BAE2BA2A27C095F400B27E08 /* Injector.swift */; };
		BAE2BA3227C0C09300B27E08 /* DIContainer in Frameworks */ = {isa = PBXBuildFile; productRef = BAE2BA3127C0C09300B27E08 /* DIContainer */; };
		BAE5A92627B8EF4F00970057 /* GemmuTests.swift in Sources */ = {isa = PBXBuildFile; fileRef = BAE5A92527B8EF4F00970057 /* GemmuTests.swift */; };
		BAE5A92827B8EF8B00970057 /* GemmuUITestsLaunchTests.swift in Sources */ = {isa = PBXBuildFile; fileRef = BAE5A92727B8EF8B00970057 /* GemmuUITestsLaunchTests.swift */; };
		BAE5A92A27B8EFBB00970057 /* GemmuUITests.swift in Sources */ = {isa = PBXBuildFile; fileRef = BAE5A92927B8EFBB00970057 /* GemmuUITests.swift */; };
/* End PBXBuildFile section */

/* Begin PBXContainerItemProxy section */
		BAA3C19E27B39C38001F7B5B /* PBXContainerItemProxy */ = {
			isa = PBXContainerItemProxy;
			containerPortal = BAA3C18527B39C36001F7B5B /* Project object */;
			proxyType = 1;
			remoteGlobalIDString = BAA3C18C27B39C36001F7B5B;
			remoteInfo = gemmu;
		};
		BAA3C1A827B39C38001F7B5B /* PBXContainerItemProxy */ = {
			isa = PBXContainerItemProxy;
			containerPortal = BAA3C18527B39C36001F7B5B /* Project object */;
			proxyType = 1;
			remoteGlobalIDString = BAA3C18C27B39C36001F7B5B;
			remoteInfo = gemmu;
		};
/* End PBXContainerItemProxy section */

/* Begin PBXFileReference section */
		BA70DAD327CCCCC20010C7F5 /* Router.swift */ = {isa = PBXFileReference; lastKnownFileType = sourcecode.swift; path = Router.swift; sourceTree = "<group>"; };
		BAA3C18D27B39C36001F7B5B /* Gemmu.app */ = {isa = PBXFileReference; explicitFileType = wrapper.application; includeInIndex = 0; path = Gemmu.app; sourceTree = BUILT_PRODUCTS_DIR; };
		BAA3C19027B39C36001F7B5B /* gemmuApp.swift */ = {isa = PBXFileReference; lastKnownFileType = sourcecode.swift; path = gemmuApp.swift; sourceTree = "<group>"; };
		BAA3C19227B39C36001F7B5B /* ContentView.swift */ = {isa = PBXFileReference; lastKnownFileType = sourcecode.swift; path = ContentView.swift; sourceTree = "<group>"; };
		BAA3C19427B39C38001F7B5B /* Assets.xcassets */ = {isa = PBXFileReference; lastKnownFileType = folder.assetcatalog; path = Assets.xcassets; sourceTree = "<group>"; };
		BAA3C19727B39C38001F7B5B /* Preview Assets.xcassets */ = {isa = PBXFileReference; lastKnownFileType = folder.assetcatalog; path = "Preview Assets.xcassets"; sourceTree = "<group>"; };
		BAA3C19D27B39C38001F7B5B /* GemmuTests.xctest */ = {isa = PBXFileReference; explicitFileType = wrapper.cfbundle; includeInIndex = 0; path = GemmuTests.xctest; sourceTree = BUILT_PRODUCTS_DIR; };
		BAA3C1A727B39C38001F7B5B /* GemmuUITests.xctest */ = {isa = PBXFileReference; explicitFileType = wrapper.cfbundle; includeInIndex = 0; path = GemmuUITests.xctest; sourceTree = BUILT_PRODUCTS_DIR; };
		BAA3C1AB27B39C38001F7B5B /* gemmuUITests.swift */ = {isa = PBXFileReference; lastKnownFileType = sourcecode.swift; path = gemmuUITests.swift; sourceTree = "<group>"; };
		BAAB7D0327B8A5B00040AA20 /* Gemmu.entitlements */ = {isa = PBXFileReference; lastKnownFileType = text.plist.entitlements; name = Gemmu.entitlements; path = Gemmu/Gemmu.entitlements; sourceTree = "<group>"; };
		BAE2BA1727BF7AC400B27E08 /* .swiftlint.yml */ = {isa = PBXFileReference; lastKnownFileType = text.yaml; path = .swiftlint.yml; sourceTree = "<group>"; };
		BAE2BA2A27C095F400B27E08 /* Injector.swift */ = {isa = PBXFileReference; lastKnownFileType = sourcecode.swift; path = Injector.swift; sourceTree = "<group>"; };
		BAE5A92527B8EF4F00970057 /* GemmuTests.swift */ = {isa = PBXFileReference; lastKnownFileType = sourcecode.swift; path = GemmuTests.swift; sourceTree = "<group>"; };
		BAE5A92727B8EF8B00970057 /* GemmuUITestsLaunchTests.swift */ = {isa = PBXFileReference; lastKnownFileType = sourcecode.swift; path = GemmuUITestsLaunchTests.swift; sourceTree = "<group>"; };
		BAE5A92927B8EFBB00970057 /* GemmuUITests.swift */ = {isa = PBXFileReference; lastKnownFileType = sourcecode.swift; path = GemmuUITests.swift; sourceTree = "<group>"; };
		BAFE3C4827CA6609002AA7FE /* Search */ = {isa = PBXFileReference; lastKnownFileType = wrapper; name = Search; path = modules/Search; sourceTree = "<group>"; };
		BAFE3C4927CA6622002AA7FE /* Home */ = {isa = PBXFileReference; lastKnownFileType = wrapper; name = Home; path = modules/Home; sourceTree = "<group>"; };
		BAFE3C4A27CA664E002AA7FE /* Favorite */ = {isa = PBXFileReference; lastKnownFileType = wrapper; name = Favorite; path = modules/Favorite; sourceTree = "<group>"; };
/* End PBXFileReference section */

/* Begin PBXFrameworksBuildPhase section */
		BAA3C18A27B39C36001F7B5B /* Frameworks */ = {
			isa = PBXFrameworksBuildPhase;
			buildActionMask = 2147483647;
			files = (
				BAC6077F27CC5E8300DC243E /* Favorite in Frameworks */,
				BADDF9F527C7B6F4000964C6 /* About in Frameworks */,
				BAC6078327CC5E9000DC243E /* Search in Frameworks */,
				BAE2BA3227C0C09300B27E08 /* DIContainer in Frameworks */,
				BA70DADD27CD17F80010C7F5 /* Favorite in Frameworks */,
				BA70DAE327CD22030010C7F5 /* Detail in Frameworks */,
				BAC6078127CC5E8900DC243E /* Home in Frameworks */,
				BA70DADA27CD17E40010C7F5 /* Search in Frameworks */,
				BA70DAD727CD178D0010C7F5 /* Home in Frameworks */,
				BADDF9F227C79506000964C6 /* Common in Frameworks */,
			);
			runOnlyForDeploymentPostprocessing = 0;
		};
		BAA3C19A27B39C38001F7B5B /* Frameworks */ = {
			isa = PBXFrameworksBuildPhase;
			buildActionMask = 2147483647;
			files = (
			);
			runOnlyForDeploymentPostprocessing = 0;
		};
		BAA3C1A427B39C38001F7B5B /* Frameworks */ = {
			isa = PBXFrameworksBuildPhase;
			buildActionMask = 2147483647;
			files = (
			);
			runOnlyForDeploymentPostprocessing = 0;
		};
/* End PBXFrameworksBuildPhase section */

/* Begin PBXGroup section */
		BA3D9C8127BBF2EB002B2131 /* core */ = {
			isa = PBXGroup;
			children = (
				BAE2BA5327C1EE7F00B27E08 /* router */,
				BAE2BA2927C095E900B27E08 /* DI */,
			);
			path = core;
			sourceTree = "<group>";
		};
		BAA3C18427B39C36001F7B5B = {
			isa = PBXGroup;
			children = (
				BAAB7D0327B8A5B00040AA20 /* Gemmu.entitlements */,
				BAAB7CEA27B7D6D80040AA20 /* Packages */,
				BAA3C18F27B39C36001F7B5B /* gemmu */,
				BAA3C1A027B39C38001F7B5B /* gemmuTests */,
				BAA3C1AA27B39C38001F7B5B /* gemmuUITests */,
				BAA3C18E27B39C36001F7B5B /* Products */,
				BAC6077D27CC5E8300DC243E /* Frameworks */,
			);
			sourceTree = "<group>";
		};
		BAA3C18E27B39C36001F7B5B /* Products */ = {
			isa = PBXGroup;
			children = (
				BAA3C18D27B39C36001F7B5B /* Gemmu.app */,
				BAA3C19D27B39C38001F7B5B /* GemmuTests.xctest */,
				BAA3C1A727B39C38001F7B5B /* GemmuUITests.xctest */,
			);
			name = Products;
			sourceTree = "<group>";
		};
		BAA3C18F27B39C36001F7B5B /* gemmu */ = {
			isa = PBXGroup;
			children = (
				BA3D9C8127BBF2EB002B2131 /* core */,
				BAE2BA4B27C1BABD00B27E08 /* App */,
				BAA3C19427B39C38001F7B5B /* Assets.xcassets */,
				BAA3C19627B39C38001F7B5B /* Preview Content */,
				BAE2BA1727BF7AC400B27E08 /* .swiftlint.yml */,
			);
			path = gemmu;
			sourceTree = "<group>";
		};
		BAA3C19627B39C38001F7B5B /* Preview Content */ = {
			isa = PBXGroup;
			children = (
				BAA3C19727B39C38001F7B5B /* Preview Assets.xcassets */,
			);
			path = "Preview Content";
			sourceTree = "<group>";
		};
		BAA3C1A027B39C38001F7B5B /* gemmuTests */ = {
			isa = PBXGroup;
			children = (
				BAE5A92527B8EF4F00970057 /* GemmuTests.swift */,
			);
			path = gemmuTests;
			sourceTree = "<group>";
		};
		BAA3C1AA27B39C38001F7B5B /* gemmuUITests */ = {
			isa = PBXGroup;
			children = (
				BAA3C1AB27B39C38001F7B5B /* gemmuUITests.swift */,
				BAE5A92727B8EF8B00970057 /* GemmuUITestsLaunchTests.swift */,
				BAE5A92927B8EFBB00970057 /* GemmuUITests.swift */,
			);
			path = gemmuUITests;
			sourceTree = "<group>";
		};
		BAAB7CEA27B7D6D80040AA20 /* Packages */ = {
			isa = PBXGroup;
			children = (
				BAFE3C4827CA6609002AA7FE /* Search */,
				BAFE3C4927CA6622002AA7FE /* Home */,
				BAFE3C4A27CA664E002AA7FE /* Favorite */,
			);
			name = Packages;
			sourceTree = "<group>";
		};
		BAC6077D27CC5E8300DC243E /* Frameworks */ = {
			isa = PBXGroup;
			children = (
			);
			name = Frameworks;
			sourceTree = "<group>";
		};
		BAE2BA2927C095E900B27E08 /* DI */ = {
			isa = PBXGroup;
			children = (
				BAE2BA2A27C095F400B27E08 /* Injector.swift */,
			);
			path = DI;
			sourceTree = "<group>";
		};
		BAE2BA4B27C1BABD00B27E08 /* App */ = {
			isa = PBXGroup;
			children = (
				BAA3C19227B39C36001F7B5B /* ContentView.swift */,
				BAA3C19027B39C36001F7B5B /* gemmuApp.swift */,
			);
			path = App;
			sourceTree = "<group>";
		};
		BAE2BA5327C1EE7F00B27E08 /* router */ = {
			isa = PBXGroup;
			children = (
				BA70DAD327CCCCC20010C7F5 /* Router.swift */,
			);
			path = router;
			sourceTree = "<group>";
		};
/* End PBXGroup section */

/* Begin PBXNativeTarget section */
		BAA3C18C27B39C36001F7B5B /* Gemmu */ = {
			isa = PBXNativeTarget;
			buildConfigurationList = BAA3C1B127B39C38001F7B5B /* Build configuration list for PBXNativeTarget "Gemmu" */;
			buildPhases = (
				BAA3C18927B39C36001F7B5B /* Sources */,
				BAA3C18A27B39C36001F7B5B /* Frameworks */,
				BAA3C18B27B39C36001F7B5B /* Resources */,
				BAE5A92227B8EEBB00970057 /* ShellScript */,
			);
			buildRules = (
			);
			dependencies = (
			);
			name = Gemmu;
			packageProductDependencies = (
				BAE2BA3127C0C09300B27E08 /* DIContainer */,
				BADDF9F127C79506000964C6 /* Common */,
				BADDF9F427C7B6F4000964C6 /* About */,
				BAC6077E27CC5E8300DC243E /* Favorite */,
				BAC6078027CC5E8900DC243E /* Home */,
				BAC6078227CC5E9000DC243E /* Search */,
				BA70DAD627CD178D0010C7F5 /* Home */,
				BA70DAD927CD17E40010C7F5 /* Search */,
				BA70DADC27CD17F80010C7F5 /* Favorite */,
				BA70DAE227CD22030010C7F5 /* Detail */,
			);
			productName = gemmu;
			productReference = BAA3C18D27B39C36001F7B5B /* Gemmu.app */;
			productType = "com.apple.product-type.application";
		};
		BAA3C19C27B39C38001F7B5B /* GemmuTests */ = {
			isa = PBXNativeTarget;
			buildConfigurationList = BAA3C1B427B39C38001F7B5B /* Build configuration list for PBXNativeTarget "GemmuTests" */;
			buildPhases = (
				BAA3C19927B39C38001F7B5B /* Sources */,
				BAA3C19A27B39C38001F7B5B /* Frameworks */,
				BAA3C19B27B39C38001F7B5B /* Resources */,
			);
			buildRules = (
			);
			dependencies = (
				BAA3C19F27B39C38001F7B5B /* PBXTargetDependency */,
			);
			name = GemmuTests;
			productName = gemmuTests;
			productReference = BAA3C19D27B39C38001F7B5B /* GemmuTests.xctest */;
			productType = "com.apple.product-type.bundle.unit-test";
		};
		BAA3C1A627B39C38001F7B5B /* GemmuUITests */ = {
			isa = PBXNativeTarget;
			buildConfigurationList = BAA3C1B727B39C38001F7B5B /* Build configuration list for PBXNativeTarget "GemmuUITests" */;
			buildPhases = (
				BAA3C1A327B39C38001F7B5B /* Sources */,
				BAA3C1A427B39C38001F7B5B /* Frameworks */,
				BAA3C1A527B39C38001F7B5B /* Resources */,
			);
			buildRules = (
			);
			dependencies = (
				BAA3C1A927B39C38001F7B5B /* PBXTargetDependency */,
			);
			name = GemmuUITests;
			productName = gemmuUITests;
			productReference = BAA3C1A727B39C38001F7B5B /* GemmuUITests.xctest */;
			productType = "com.apple.product-type.bundle.ui-testing";
		};
/* End PBXNativeTarget section */

/* Begin PBXProject section */
		BAA3C18527B39C36001F7B5B /* Project object */ = {
			isa = PBXProject;
			attributes = {
				BuildIndependentTargetsInParallel = 1;
				LastSwiftUpdateCheck = 1320;
				LastUpgradeCheck = 1320;
				TargetAttributes = {
					BAA3C18C27B39C36001F7B5B = {
						CreatedOnToolsVersion = 13.2.1;
					};
					BAA3C19C27B39C38001F7B5B = {
						CreatedOnToolsVersion = 13.2.1;
						TestTargetID = BAA3C18C27B39C36001F7B5B;
					};
					BAA3C1A627B39C38001F7B5B = {
						CreatedOnToolsVersion = 13.2.1;
						TestTargetID = BAA3C18C27B39C36001F7B5B;
					};
				};
			};
			buildConfigurationList = BAA3C18827B39C36001F7B5B /* Build configuration list for PBXProject "Gemmu" */;
			compatibilityVersion = "Xcode 13.0";
			developmentRegion = en;
			hasScannedForEncodings = 0;
			knownRegions = (
				en,
				Base,
			);
			mainGroup = BAA3C18427B39C36001F7B5B;
			packageReferences = (
				BAE2BA3027C0C09300B27E08 /* XCRemoteSwiftPackageReference "DIContainer" */,
				BADDF9F027C79505000964C6 /* XCRemoteSwiftPackageReference "Common" */,
				BADDF9F327C7B6F4000964C6 /* XCRemoteSwiftPackageReference "About-gemmu" */,
				BA70DAD527CD178D0010C7F5 /* XCRemoteSwiftPackageReference "Home" */,
				BA70DAD827CD17E40010C7F5 /* XCRemoteSwiftPackageReference "Search" */,
				BA70DADB27CD17F80010C7F5 /* XCRemoteSwiftPackageReference "Favorite" */,
				BA70DAE127CD22030010C7F5 /* XCRemoteSwiftPackageReference "Detail" */,
			);
			productRefGroup = BAA3C18E27B39C36001F7B5B /* Products */;
			projectDirPath = "";
			projectRoot = "";
			targets = (
				BAA3C18C27B39C36001F7B5B /* Gemmu */,
				BAA3C19C27B39C38001F7B5B /* GemmuTests */,
				BAA3C1A627B39C38001F7B5B /* GemmuUITests */,
			);
		};
/* End PBXProject section */

/* Begin PBXResourcesBuildPhase section */
		BAA3C18B27B39C36001F7B5B /* Resources */ = {
			isa = PBXResourcesBuildPhase;
			buildActionMask = 2147483647;
			files = (
				BAE2BA1827BF7AC400B27E08 /* .swiftlint.yml in Resources */,
				BAA3C19827B39C38001F7B5B /* Preview Assets.xcassets in Resources */,
				BAA3C19527B39C38001F7B5B /* Assets.xcassets in Resources */,
			);
			runOnlyForDeploymentPostprocessing = 0;
		};
		BAA3C19B27B39C38001F7B5B /* Resources */ = {
			isa = PBXResourcesBuildPhase;
			buildActionMask = 2147483647;
			files = (
			);
			runOnlyForDeploymentPostprocessing = 0;
		};
		BAA3C1A527B39C38001F7B5B /* Resources */ = {
			isa = PBXResourcesBuildPhase;
			buildActionMask = 2147483647;
			files = (
			);
			runOnlyForDeploymentPostprocessing = 0;
		};
/* End PBXResourcesBuildPhase section */

/* Begin PBXShellScriptBuildPhase section */
		BAE5A92227B8EEBB00970057 /* ShellScript */ = {
			isa = PBXShellScriptBuildPhase;
			buildActionMask = 2147483647;
			files = (
			);
			inputFileListPaths = (
			);
			inputPaths = (
			);
			outputFileListPaths = (
			);
			outputPaths = (
			);
			runOnlyForDeploymentPostprocessing = 0;
			shellPath = /bin/sh;
			shellScript = "# Type a script or drag a script file from your workspace to insert its path.\nexport PATH=\"$PATH:/opt/homebrew/bin\"\n\nif which swiftlint >/dev/null; then\n  swiftlint\nelse\n  echo \"warning: SwiftLint not installed, download from https://github.com/realm/SwiftLint\"\nfi\n";
		};
/* End PBXShellScriptBuildPhase section */

/* Begin PBXSourcesBuildPhase section */
		BAA3C18927B39C36001F7B5B /* Sources */ = {
			isa = PBXSourcesBuildPhase;
			buildActionMask = 2147483647;
			files = (
				BAA3C19327B39C36001F7B5B /* ContentView.swift in Sources */,
				BAE2BA2B27C095F400B27E08 /* Injector.swift in Sources */,
				BA70DAD427CCCCC20010C7F5 /* Router.swift in Sources */,
				BAA3C19127B39C36001F7B5B /* gemmuApp.swift in Sources */,
			);
			runOnlyForDeploymentPostprocessing = 0;
		};
		BAA3C19927B39C38001F7B5B /* Sources */ = {
			isa = PBXSourcesBuildPhase;
			buildActionMask = 2147483647;
			files = (
				BAE5A92A27B8EFBB00970057 /* GemmuUITests.swift in Sources */,
				BAE5A92827B8EF8B00970057 /* GemmuUITestsLaunchTests.swift in Sources */,
				BAE5A92627B8EF4F00970057 /* GemmuTests.swift in Sources */,
			);
			runOnlyForDeploymentPostprocessing = 0;
		};
		BAA3C1A327B39C38001F7B5B /* Sources */ = {
			isa = PBXSourcesBuildPhase;
			buildActionMask = 2147483647;
			files = (
				BAA3C1AC27B39C38001F7B5B /* gemmuUITests.swift in Sources */,
			);
			runOnlyForDeploymentPostprocessing = 0;
		};
/* End PBXSourcesBuildPhase section */

/* Begin PBXTargetDependency section */
		BAA3C19F27B39C38001F7B5B /* PBXTargetDependency */ = {
			isa = PBXTargetDependency;
			target = BAA3C18C27B39C36001F7B5B /* Gemmu */;
			targetProxy = BAA3C19E27B39C38001F7B5B /* PBXContainerItemProxy */;
		};
		BAA3C1A927B39C38001F7B5B /* PBXTargetDependency */ = {
			isa = PBXTargetDependency;
			target = BAA3C18C27B39C36001F7B5B /* Gemmu */;
			targetProxy = BAA3C1A827B39C38001F7B5B /* PBXContainerItemProxy */;
		};
/* End PBXTargetDependency section */

/* Begin XCBuildConfiguration section */
		BAA3C1AF27B39C38001F7B5B /* Debug */ = {
			isa = XCBuildConfiguration;
			buildSettings = {
				ALWAYS_SEARCH_USER_PATHS = NO;
				CLANG_ANALYZER_NONNULL = YES;
				CLANG_ANALYZER_NUMBER_OBJECT_CONVERSION = YES_AGGRESSIVE;
				CLANG_CXX_LANGUAGE_STANDARD = "gnu++17";
				CLANG_CXX_LIBRARY = "libc++";
				CLANG_ENABLE_MODULES = YES;
				CLANG_ENABLE_OBJC_ARC = YES;
				CLANG_ENABLE_OBJC_WEAK = YES;
				CLANG_WARN_BLOCK_CAPTURE_AUTORELEASING = YES;
				CLANG_WARN_BOOL_CONVERSION = YES;
				CLANG_WARN_COMMA = YES;
				CLANG_WARN_CONSTANT_CONVERSION = YES;
				CLANG_WARN_DEPRECATED_OBJC_IMPLEMENTATIONS = YES;
				CLANG_WARN_DIRECT_OBJC_ISA_USAGE = YES_ERROR;
				CLANG_WARN_DOCUMENTATION_COMMENTS = YES;
				CLANG_WARN_EMPTY_BODY = YES;
				CLANG_WARN_ENUM_CONVERSION = YES;
				CLANG_WARN_INFINITE_RECURSION = YES;
				CLANG_WARN_INT_CONVERSION = YES;
				CLANG_WARN_NON_LITERAL_NULL_CONVERSION = YES;
				CLANG_WARN_OBJC_IMPLICIT_RETAIN_SELF = YES;
				CLANG_WARN_OBJC_LITERAL_CONVERSION = YES;
				CLANG_WARN_OBJC_ROOT_CLASS = YES_ERROR;
				CLANG_WARN_QUOTED_INCLUDE_IN_FRAMEWORK_HEADER = YES;
				CLANG_WARN_RANGE_LOOP_ANALYSIS = YES;
				CLANG_WARN_STRICT_PROTOTYPES = YES;
				CLANG_WARN_SUSPICIOUS_MOVE = YES;
				CLANG_WARN_UNGUARDED_AVAILABILITY = YES_AGGRESSIVE;
				CLANG_WARN_UNREACHABLE_CODE = YES;
				CLANG_WARN__DUPLICATE_METHOD_MATCH = YES;
				COPY_PHASE_STRIP = NO;
				DEBUG_INFORMATION_FORMAT = dwarf;
				ENABLE_STRICT_OBJC_MSGSEND = YES;
				ENABLE_TESTABILITY = YES;
				GCC_C_LANGUAGE_STANDARD = gnu11;
				GCC_DYNAMIC_NO_PIC = NO;
				GCC_NO_COMMON_BLOCKS = YES;
				GCC_OPTIMIZATION_LEVEL = 0;
				GCC_PREPROCESSOR_DEFINITIONS = (
					"DEBUG=1",
					"$(inherited)",
				);
				GCC_WARN_64_TO_32_BIT_CONVERSION = YES;
				GCC_WARN_ABOUT_RETURN_TYPE = YES_ERROR;
				GCC_WARN_UNDECLARED_SELECTOR = YES;
				GCC_WARN_UNINITIALIZED_AUTOS = YES_AGGRESSIVE;
				GCC_WARN_UNUSED_FUNCTION = YES;
				GCC_WARN_UNUSED_VARIABLE = YES;
				IPHONEOS_DEPLOYMENT_TARGET = 15.2;
				MTL_ENABLE_DEBUG_INFO = INCLUDE_SOURCE;
				MTL_FAST_MATH = YES;
				ONLY_ACTIVE_ARCH = YES;
				SDKROOT = iphoneos;
				SWIFT_ACTIVE_COMPILATION_CONDITIONS = DEBUG;
				SWIFT_OPTIMIZATION_LEVEL = "-Onone";
			};
			name = Debug;
		};
		BAA3C1B027B39C38001F7B5B /* Release */ = {
			isa = XCBuildConfiguration;
			buildSettings = {
				ALWAYS_SEARCH_USER_PATHS = NO;
				CLANG_ANALYZER_NONNULL = YES;
				CLANG_ANALYZER_NUMBER_OBJECT_CONVERSION = YES_AGGRESSIVE;
				CLANG_CXX_LANGUAGE_STANDARD = "gnu++17";
				CLANG_CXX_LIBRARY = "libc++";
				CLANG_ENABLE_MODULES = YES;
				CLANG_ENABLE_OBJC_ARC = YES;
				CLANG_ENABLE_OBJC_WEAK = YES;
				CLANG_WARN_BLOCK_CAPTURE_AUTORELEASING = YES;
				CLANG_WARN_BOOL_CONVERSION = YES;
				CLANG_WARN_COMMA = YES;
				CLANG_WARN_CONSTANT_CONVERSION = YES;
				CLANG_WARN_DEPRECATED_OBJC_IMPLEMENTATIONS = YES;
				CLANG_WARN_DIRECT_OBJC_ISA_USAGE = YES_ERROR;
				CLANG_WARN_DOCUMENTATION_COMMENTS = YES;
				CLANG_WARN_EMPTY_BODY = YES;
				CLANG_WARN_ENUM_CONVERSION = YES;
				CLANG_WARN_INFINITE_RECURSION = YES;
				CLANG_WARN_INT_CONVERSION = YES;
				CLANG_WARN_NON_LITERAL_NULL_CONVERSION = YES;
				CLANG_WARN_OBJC_IMPLICIT_RETAIN_SELF = YES;
				CLANG_WARN_OBJC_LITERAL_CONVERSION = YES;
				CLANG_WARN_OBJC_ROOT_CLASS = YES_ERROR;
				CLANG_WARN_QUOTED_INCLUDE_IN_FRAMEWORK_HEADER = YES;
				CLANG_WARN_RANGE_LOOP_ANALYSIS = YES;
				CLANG_WARN_STRICT_PROTOTYPES = YES;
				CLANG_WARN_SUSPICIOUS_MOVE = YES;
				CLANG_WARN_UNGUARDED_AVAILABILITY = YES_AGGRESSIVE;
				CLANG_WARN_UNREACHABLE_CODE = YES;
				CLANG_WARN__DUPLICATE_METHOD_MATCH = YES;
				COPY_PHASE_STRIP = NO;
				DEBUG_INFORMATION_FORMAT = "dwarf-with-dsym";
				ENABLE_NS_ASSERTIONS = NO;
				ENABLE_STRICT_OBJC_MSGSEND = YES;
				GCC_C_LANGUAGE_STANDARD = gnu11;
				GCC_NO_COMMON_BLOCKS = YES;
				GCC_WARN_64_TO_32_BIT_CONVERSION = YES;
				GCC_WARN_ABOUT_RETURN_TYPE = YES_ERROR;
				GCC_WARN_UNDECLARED_SELECTOR = YES;
				GCC_WARN_UNINITIALIZED_AUTOS = YES_AGGRESSIVE;
				GCC_WARN_UNUSED_FUNCTION = YES;
				GCC_WARN_UNUSED_VARIABLE = YES;
				IPHONEOS_DEPLOYMENT_TARGET = 15.2;
				MTL_ENABLE_DEBUG_INFO = NO;
				MTL_FAST_MATH = YES;
				SDKROOT = iphoneos;
				SWIFT_COMPILATION_MODE = wholemodule;
				SWIFT_OPTIMIZATION_LEVEL = "-O";
				VALIDATE_PRODUCT = YES;
			};
			name = Release;
		};
		BAA3C1B227B39C38001F7B5B /* Debug */ = {
			isa = XCBuildConfiguration;
			buildSettings = {
				ASSETCATALOG_COMPILER_APPICON_NAME = AppIcon;
				ASSETCATALOG_COMPILER_GLOBAL_ACCENT_COLOR_NAME = AccentColor;
				CODE_SIGN_ENTITLEMENTS = Gemmu/Gemmu.entitlements;
				CODE_SIGN_STYLE = Automatic;
				CURRENT_PROJECT_VERSION = 1;
				DEVELOPMENT_ASSET_PATHS = "\"gemmu/Preview Content\"";
				DEVELOPMENT_TEAM = UBQN8N734M;
				ENABLE_PREVIEWS = YES;
				GENERATE_INFOPLIST_FILE = YES;
				INFOPLIST_KEY_UIApplicationSceneManifest_Generation = YES;
				INFOPLIST_KEY_UIApplicationSupportsIndirectInputEvents = YES;
				INFOPLIST_KEY_UILaunchScreen_Generation = YES;
				INFOPLIST_KEY_UISupportedInterfaceOrientations_iPad = "UIInterfaceOrientationPortrait UIInterfaceOrientationPortraitUpsideDown UIInterfaceOrientationLandscapeLeft UIInterfaceOrientationLandscapeRight";
				INFOPLIST_KEY_UISupportedInterfaceOrientations_iPhone = "UIInterfaceOrientationPortrait UIInterfaceOrientationLandscapeLeft UIInterfaceOrientationLandscapeRight";
				LD_RUNPATH_SEARCH_PATHS = (
					"$(inherited)",
					"@executable_path/Frameworks",
				);
				MARKETING_VERSION = 1.0;
				PRODUCT_BUNDLE_IDENTIFIER = DarkshanDev.gemmu;
				PRODUCT_NAME = Gemmu;
				SWIFT_EMIT_LOC_STRINGS = YES;
				SWIFT_VERSION = 5.0;
				TARGETED_DEVICE_FAMILY = "1,2";
			};
			name = Debug;
		};
		BAA3C1B327B39C38001F7B5B /* Release */ = {
			isa = XCBuildConfiguration;
			buildSettings = {
				ASSETCATALOG_COMPILER_APPICON_NAME = AppIcon;
				ASSETCATALOG_COMPILER_GLOBAL_ACCENT_COLOR_NAME = AccentColor;
				CODE_SIGN_ENTITLEMENTS = Gemmu/Gemmu.entitlements;
				CODE_SIGN_STYLE = Automatic;
				CURRENT_PROJECT_VERSION = 1;
				DEVELOPMENT_ASSET_PATHS = "\"gemmu/Preview Content\"";
				DEVELOPMENT_TEAM = UBQN8N734M;
				ENABLE_PREVIEWS = YES;
				GENERATE_INFOPLIST_FILE = YES;
				INFOPLIST_KEY_UIApplicationSceneManifest_Generation = YES;
				INFOPLIST_KEY_UIApplicationSupportsIndirectInputEvents = YES;
				INFOPLIST_KEY_UILaunchScreen_Generation = YES;
				INFOPLIST_KEY_UISupportedInterfaceOrientations_iPad = "UIInterfaceOrientationPortrait UIInterfaceOrientationPortraitUpsideDown UIInterfaceOrientationLandscapeLeft UIInterfaceOrientationLandscapeRight";
				INFOPLIST_KEY_UISupportedInterfaceOrientations_iPhone = "UIInterfaceOrientationPortrait UIInterfaceOrientationLandscapeLeft UIInterfaceOrientationLandscapeRight";
				LD_RUNPATH_SEARCH_PATHS = (
					"$(inherited)",
					"@executable_path/Frameworks",
				);
				MARKETING_VERSION = 1.0;
				PRODUCT_BUNDLE_IDENTIFIER = DarkshanDev.gemmu;
				PRODUCT_NAME = Gemmu;
				SWIFT_EMIT_LOC_STRINGS = YES;
				SWIFT_VERSION = 5.0;
				TARGETED_DEVICE_FAMILY = "1,2";
			};
			name = Release;
		};
		BAA3C1B527B39C38001F7B5B /* Debug */ = {
			isa = XCBuildConfiguration;
			buildSettings = {
				ALWAYS_EMBED_SWIFT_STANDARD_LIBRARIES = YES;
				BUNDLE_LOADER = "$(TEST_HOST)";
				CODE_SIGN_STYLE = Automatic;
				CURRENT_PROJECT_VERSION = 1;
				DEVELOPMENT_TEAM = UBQN8N734M;
				GENERATE_INFOPLIST_FILE = YES;
				IPHONEOS_DEPLOYMENT_TARGET = 15.2;
				MARKETING_VERSION = 1.0;
				PRODUCT_BUNDLE_IDENTIFIER = DarkshanDev.gemmuTests;
				PRODUCT_NAME = "$(TARGET_NAME)";
				SWIFT_EMIT_LOC_STRINGS = NO;
				SWIFT_VERSION = 5.0;
				TARGETED_DEVICE_FAMILY = "1,2";
				TEST_HOST = "$(BUILT_PRODUCTS_DIR)/Gemmu.app/Gemmu";
			};
			name = Debug;
		};
		BAA3C1B627B39C38001F7B5B /* Release */ = {
			isa = XCBuildConfiguration;
			buildSettings = {
				ALWAYS_EMBED_SWIFT_STANDARD_LIBRARIES = YES;
				BUNDLE_LOADER = "$(TEST_HOST)";
				CODE_SIGN_STYLE = Automatic;
				CURRENT_PROJECT_VERSION = 1;
				DEVELOPMENT_TEAM = UBQN8N734M;
				GENERATE_INFOPLIST_FILE = YES;
				IPHONEOS_DEPLOYMENT_TARGET = 15.2;
				MARKETING_VERSION = 1.0;
				PRODUCT_BUNDLE_IDENTIFIER = DarkshanDev.gemmuTests;
				PRODUCT_NAME = "$(TARGET_NAME)";
				SWIFT_EMIT_LOC_STRINGS = NO;
				SWIFT_VERSION = 5.0;
				TARGETED_DEVICE_FAMILY = "1,2";
				TEST_HOST = "$(BUILT_PRODUCTS_DIR)/Gemmu.app/Gemmu";
			};
			name = Release;
		};
		BAA3C1B827B39C38001F7B5B /* Debug */ = {
			isa = XCBuildConfiguration;
			buildSettings = {
				ALWAYS_EMBED_SWIFT_STANDARD_LIBRARIES = YES;
				CODE_SIGN_STYLE = Automatic;
				CURRENT_PROJECT_VERSION = 1;
				DEVELOPMENT_TEAM = UBQN8N734M;
				GENERATE_INFOPLIST_FILE = YES;
				MARKETING_VERSION = 1.0;
				PRODUCT_BUNDLE_IDENTIFIER = DarkshanDev.gemmuUITests;
				PRODUCT_NAME = "$(TARGET_NAME)";
				SWIFT_EMIT_LOC_STRINGS = NO;
				SWIFT_VERSION = 5.0;
				TARGETED_DEVICE_FAMILY = "1,2";
				TEST_TARGET_NAME = gemmu;
			};
			name = Debug;
		};
		BAA3C1B927B39C38001F7B5B /* Release */ = {
			isa = XCBuildConfiguration;
			buildSettings = {
				ALWAYS_EMBED_SWIFT_STANDARD_LIBRARIES = YES;
				CODE_SIGN_STYLE = Automatic;
				CURRENT_PROJECT_VERSION = 1;
				DEVELOPMENT_TEAM = UBQN8N734M;
				GENERATE_INFOPLIST_FILE = YES;
				MARKETING_VERSION = 1.0;
				PRODUCT_BUNDLE_IDENTIFIER = DarkshanDev.gemmuUITests;
				PRODUCT_NAME = "$(TARGET_NAME)";
				SWIFT_EMIT_LOC_STRINGS = NO;
				SWIFT_VERSION = 5.0;
				TARGETED_DEVICE_FAMILY = "1,2";
				TEST_TARGET_NAME = gemmu;
			};
			name = Release;
		};
/* End XCBuildConfiguration section */

/* Begin XCConfigurationList section */
		BAA3C18827B39C36001F7B5B /* Build configuration list for PBXProject "Gemmu" */ = {
			isa = XCConfigurationList;
			buildConfigurations = (
				BAA3C1AF27B39C38001F7B5B /* Debug */,
				BAA3C1B027B39C38001F7B5B /* Release */,
			);
			defaultConfigurationIsVisible = 0;
			defaultConfigurationName = Release;
		};
		BAA3C1B127B39C38001F7B5B /* Build configuration list for PBXNativeTarget "Gemmu" */ = {
			isa = XCConfigurationList;
			buildConfigurations = (
				BAA3C1B227B39C38001F7B5B /* Debug */,
				BAA3C1B327B39C38001F7B5B /* Release */,
			);
			defaultConfigurationIsVisible = 0;
			defaultConfigurationName = Release;
		};
		BAA3C1B427B39C38001F7B5B /* Build configuration list for PBXNativeTarget "GemmuTests" */ = {
			isa = XCConfigurationList;
			buildConfigurations = (
				BAA3C1B527B39C38001F7B5B /* Debug */,
				BAA3C1B627B39C38001F7B5B /* Release */,
			);
			defaultConfigurationIsVisible = 0;
			defaultConfigurationName = Release;
		};
		BAA3C1B727B39C38001F7B5B /* Build configuration list for PBXNativeTarget "GemmuUITests" */ = {
			isa = XCConfigurationList;
			buildConfigurations = (
				BAA3C1B827B39C38001F7B5B /* Debug */,
				BAA3C1B927B39C38001F7B5B /* Release */,
			);
			defaultConfigurationIsVisible = 0;
			defaultConfigurationName = Release;
		};
/* End XCConfigurationList section */

/* Begin XCRemoteSwiftPackageReference section */
		BA70DAD527CD178D0010C7F5 /* XCRemoteSwiftPackageReference "Home" */ = {
			isa = XCRemoteSwiftPackageReference;
			repositoryURL = "https://github.com/IzumiShaka-desu/Home.git";
			requirement = {
				branch = main;
				kind = branch;
			};
		};
		BA70DAD827CD17E40010C7F5 /* XCRemoteSwiftPackageReference "Search" */ = {
			isa = XCRemoteSwiftPackageReference;
			repositoryURL = "https://github.com/IzumiShaka-desu/Search.git";
			requirement = {
				branch = main;
				kind = branch;
			};
		};
		BA70DADB27CD17F80010C7F5 /* XCRemoteSwiftPackageReference "Favorite" */ = {
			isa = XCRemoteSwiftPackageReference;
			repositoryURL = "https://github.com/IzumiShaka-desu/Favorite.git";
			requirement = {
				branch = main;
				kind = branch;
			};
		};
		BA70DAE127CD22030010C7F5 /* XCRemoteSwiftPackageReference "Detail" */ = {
			isa = XCRemoteSwiftPackageReference;
			repositoryURL = "https://github.com/IzumiShaka-desu/Detail.git";
			requirement = {
				branch = main;
				kind = branch;
			};
		};
		BADDF9F027C79505000964C6 /* XCRemoteSwiftPackageReference "Common" */ = {
			isa = XCRemoteSwiftPackageReference;
			repositoryURL = "https://github.com/IzumiShaka-desu/Common.git";
			requirement = {
				branch = main;
				kind = branch;
			};
		};
		BADDF9F327C7B6F4000964C6 /* XCRemoteSwiftPackageReference "About-gemmu" */ = {
			isa = XCRemoteSwiftPackageReference;
			repositoryURL = "https://github.com/IzumiShaka-desu/About-gemmu.git";
			requirement = {
				branch = main;
				kind = branch;
			};
		};
		BAE2BA3027C0C09300B27E08 /* XCRemoteSwiftPackageReference "DIContainer" */ = {
			isa = XCRemoteSwiftPackageReference;
			repositoryURL = "https://github.com/Tavernari/DIContainer.git";
			requirement = {
				kind = upToNextMajorVersion;
				minimumVersion = 0.2.1;
			};
		};
/* End XCRemoteSwiftPackageReference section */

/* Begin XCSwiftPackageProductDependency section */
		BA70DAD627CD178D0010C7F5 /* Home */ = {
			isa = XCSwiftPackageProductDependency;
			package = BA70DAD527CD178D0010C7F5 /* XCRemoteSwiftPackageReference "Home" */;
			productName = Home;
		};
		BA70DAD927CD17E40010C7F5 /* Search */ = {
			isa = XCSwiftPackageProductDependency;
			package = BA70DAD827CD17E40010C7F5 /* XCRemoteSwiftPackageReference "Search" */;
			productName = Search;
		};
		BA70DADC27CD17F80010C7F5 /* Favorite */ = {
			isa = XCSwiftPackageProductDependency;
			package = BA70DADB27CD17F80010C7F5 /* XCRemoteSwiftPackageReference "Favorite" */;
			productName = Favorite;
		};
		BA70DAE227CD22030010C7F5 /* Detail */ = {
			isa = XCSwiftPackageProductDependency;
			package = BA70DAE127CD22030010C7F5 /* XCRemoteSwiftPackageReference "Detail" */;
			productName = Detail;
		};
		BAC6077E27CC5E8300DC243E /* Favorite */ = {
			isa = XCSwiftPackageProductDependency;
			productName = Favorite;
		};
		BAC6078027CC5E8900DC243E /* Home */ = {
			isa = XCSwiftPackageProductDependency;
			productName = Home;
		};
		BAC6078227CC5E9000DC243E /* Search */ = {
			isa = XCSwiftPackageProductDependency;
			productName = Search;
		};
		BADDF9F127C79506000964C6 /* Common */ = {
			isa = XCSwiftPackageProductDependency;
			package = BADDF9F027C79505000964C6 /* XCRemoteSwiftPackageReference "Common" */;
			productName = Common;
		};
		BADDF9F427C7B6F4000964C6 /* About */ = {
			isa = XCSwiftPackageProductDependency;
			package = BADDF9F327C7B6F4000964C6 /* XCRemoteSwiftPackageReference "About-gemmu" */;
			productName = About;
		};
		BAE2BA3127C0C09300B27E08 /* DIContainer */ = {
			isa = XCSwiftPackageProductDependency;
			package = BAE2BA3027C0C09300B27E08 /* XCRemoteSwiftPackageReference "DIContainer" */;
			productName = DIContainer;
		};
/* End XCSwiftPackageProductDependency section */
	};
	rootObject = BAA3C18527B39C36001F7B5B /* Project object */;
}
